// !$*UTF8*$!
{
	archiveVersion = 1;
	classes = {
	};
	objectVersion = 46;
	objects = {

/* Begin PBXBuildFile section */
		22B3C9A61CB3D46000EA00FA /* main.m in Sources */ = {isa = PBXBuildFile; fileRef = 22B3C9A51CB3D46000EA00FA /* main.m */; };
		22B3C9A91CB3D46000EA00FA /* AppDelegate.m in Sources */ = {isa = PBXBuildFile; fileRef = 22B3C9A81CB3D46000EA00FA /* AppDelegate.m */; };
		22B3C9BC1CB3DFDF00EA00FA /* Assets.xcassets in Resources */ = {isa = PBXBuildFile; fileRef = 22B3C9BB1CB3DFDF00EA00FA /* Assets.xcassets */; };
		22B3C9BF1CB3E66400EA00FA /* HMTabBarViewController.m in Sources */ = {isa = PBXBuildFile; fileRef = 22B3C9BE1CB3E66400EA00FA /* HMTabBarViewController.m */; };
/* End PBXBuildFile section */

/* Begin PBXFileReference section */
		22B3C9A11CB3D46000EA00FA /* OD01.app */ = {isa = PBXFileReference; explicitFileType = wrapper.application; includeInIndex = 0; path = OD01.app; sourceTree = BUILT_PRODUCTS_DIR; };
		22B3C9A51CB3D46000EA00FA /* main.m */ = {isa = PBXFileReference; lastKnownFileType = sourcecode.c.objc; path = main.m; sourceTree = "<group>"; };
		22B3C9A71CB3D46000EA00FA /* AppDelegate.h */ = {isa = PBXFileReference; lastKnownFileType = sourcecode.c.h; path = AppDelegate.h; sourceTree = "<group>"; };
		22B3C9A81CB3D46000EA00FA /* AppDelegate.m */ = {isa = PBXFileReference; lastKnownFileType = sourcecode.c.objc; path = AppDelegate.m; sourceTree = "<group>"; };
		22B3C9B51CB3D46000EA00FA /* Info.plist */ = {isa = PBXFileReference; lastKnownFileType = text.plist.xml; path = Info.plist; sourceTree = "<group>"; };
		22B3C9BB1CB3DFDF00EA00FA /* Assets.xcassets */ = {isa = PBXFileReference; lastKnownFileType = folder.assetcatalog; path = Assets.xcassets; sourceTree = "<group>"; };
		22B3C9BD1CB3E66400EA00FA /* HMTabBarViewController.h */ = {isa = PBXFileReference; fileEncoding = 4; lastKnownFileType = sourcecode.c.h; name = HMTabBarViewController.h; path = ../HMTabBarViewController.h; sourceTree = "<group>"; };
		22B3C9BE1CB3E66400EA00FA /* HMTabBarViewController.m */ = {isa = PBXFileReference; fileEncoding = 4; lastKnownFileType = sourcecode.c.objc; name = HMTabBarViewController.m; path = ../HMTabBarViewController.m; sourceTree = "<group>"; };
/* End PBXFileReference section */

/* Begin PBXFrameworksBuildPhase section */
		22B3C99E1CB3D46000EA00FA /* Frameworks */ = {
			isa = PBXFrameworksBuildPhase;
			buildActionMask = 2147483647;
			files = (
			);
			runOnlyForDeploymentPostprocessing = 0;
		};
/* End PBXFrameworksBuildPhase section */

/* Begin PBXGroup section */
		22B3C9981CB3D46000EA00FA = {
			isa = PBXGroup;
			children = (
				22B3C9A31CB3D46000EA00FA /* OD01 */,
				22B3C9A21CB3D46000EA00FA /* Products */,
			);
			sourceTree = "<group>";
		};
		22B3C9A21CB3D46000EA00FA /* Products */ = {
			isa = PBXGroup;
			children = (
				22B3C9A11CB3D46000EA00FA /* OD01.app */,
			);
			name = Products;
			sourceTree = "<group>";
		};
		22B3C9A31CB3D46000EA00FA /* OD01 */ = {
			isa = PBXGroup;
			children = (
				22B3C9BD1CB3E66400EA00FA /* HMTabBarViewController.h */,
				22B3C9BE1CB3E66400EA00FA /* HMTabBarViewController.m */,
				22B3C9A71CB3D46000EA00FA /* AppDelegate.h */,
				22B3C9A81CB3D46000EA00FA /* AppDelegate.m */,
				22B3C9BB1CB3DFDF00EA00FA /* Assets.xcassets */,
				22B3C9B51CB3D46000EA00FA /* Info.plist */,
				22B3C9A41CB3D46000EA00FA /* Supporting Files */,
			);
			path = OD01;
			sourceTree = "<group>";
		};
		22B3C9A41CB3D46000EA00FA /* Supporting Files */ = {
			isa = PBXGroup;
			children = (
				22B3C9A51CB3D46000EA00FA /* main.m */,
			);
			name = "Supporting Files";
			sourceTree = "<group>";
		};
/* End PBXGroup section */

/* Begin PBXNativeTarget section */
		22B3C9A01CB3D46000EA00FA /* OD01 */ = {
			isa = PBXNativeTarget;
			buildConfigurationList = 22B3C9B81CB3D46000EA00FA /* Build configuration list for PBXNativeTarget "OD01" */;
			buildPhases = (
				22B3C99D1CB3D46000EA00FA /* Sources */,
				22B3C99E1CB3D46000EA00FA /* Frameworks */,
				22B3C99F1CB3D46000EA00FA /* Resources */,
			);
			buildRules = (
			);
			dependencies = (
			);
			name = OD01;
			productName = OD01;
			productReference = 22B3C9A11CB3D46000EA00FA /* OD01.app */;
			productType = "com.apple.product-type.application";
		};
/* End PBXNativeTarget section */

/* Begin PBXProject section */
		22B3C9991CB3D46000EA00FA /* Project object */ = {
			isa = PBXProject;
			attributes = {
				CLASSPREFIX = HM;
				LastUpgradeCheck = 0730;
				ORGANIZATIONNAME = sam;
				TargetAttributes = {
					22B3C9A01CB3D46000EA00FA = {
						CreatedOnToolsVersion = 7.3;
						DevelopmentTeam = CJ4JBPGH72;
					};
				};
			};
			buildConfigurationList = 22B3C99C1CB3D46000EA00FA /* Build configuration list for PBXProject "OD01" */;
			compatibilityVersion = "Xcode 3.2";
			developmentRegion = English;
			hasScannedForEncodings = 0;
			knownRegions = (
				en,
				Base,
			);
			mainGroup = 22B3C9981CB3D46000EA00FA;
			productRefGroup = 22B3C9A21CB3D46000EA00FA /* Products */;
			projectDirPath = "";
			projectRoot = "";
			targets = (
				22B3C9A01CB3D46000EA00FA /* OD01 */,
			);
		};
/* End PBXProject section */

/* Begin PBXResourcesBuildPhase section */
		22B3C99F1CB3D46000EA00FA /* Resources */ = {
			isa = PBXResourcesBuildPhase;
			buildActionMask = 2147483647;
			files = (
				22B3C9BC1CB3DFDF00EA00FA /* Assets.xcassets in Resources */,
			);
			runOnlyForDeploymentPostprocessing = 0;
		};
/* End PBXResourcesBuildPhase section */

/* Begin PBXSourcesBuildPhase section */
		22B3C99D1CB3D46000EA00FA /* Sources */ = {
			isa = PBXSourcesBuildPhase;
			buildActionMask = 2147483647;
			files = (
				22B3C9A91CB3D46000EA00FA /* AppDelegate.m in Sources */,
				22B3C9BF1CB3E66400EA00FA /* HMTabBarViewController.m in Sources */,
				22B3C9A61CB3D46000EA00FA /* main.m in Sources */,
			);
			runOnlyForDeploymentPostprocessing = 0;
		};
/* End PBXSourcesBuildPhase section */

/* Begin XCBuildConfiguration section */
		22B3C9B61CB3D46000EA00FA /* Debug */ = {
			isa = XCBuildConfiguration;
			buildSettings = {
				ALWAYS_SEARCH_USER_PATHS = NO;
				CLANG_ANALYZER_NONNULL = YES;
				CLANG_CXX_LANGUAGE_STANDARD = "gnu++0x";
				CLANG_CXX_LIBRARY = "libc++";
				CLANG_ENABLE_MODULES = YES;
				CLANG_ENABLE_OBJC_ARC = YES;
				CLANG_WARN_BOOL_CONVERSION = YES;
				CLANG_WARN_CONSTANT_CONVERSION = YES;
				CLANG_WARN_DIRECT_OBJC_ISA_USAGE = YES_ERROR;
				CLANG_WARN_EMPTY_BODY = YES;
				CLANG_WARN_ENUM_CONVERSION = YES;
				CLANG_WARN_INT_CONVERSION = YES;
				CLANG_WARN_OBJC_ROOT_CLASS = YES_ERROR;
				CLANG_WARN_UNREACHABLE_CODE = YES;
				CLANG_WARN__DUPLICATE_METHOD_MATCH = YES;
				"CODE_SIGN_IDENTITY[sdk=iphoneos*]" = "iPhone Developer";
				COPY_PHASE_STRIP = NO;
				DEBUG_INFORMATION_FORMAT = dwarf;
				ENABLE_STRICT_OBJC_MSGSEND = YES;
				ENABLE_TESTABILITY = YES;
				GCC_C_LANGUAGE_STANDARD = gnu99;
				GCC_DYNAMIC_NO_PIC = NO;
				GCC_NO_COMMON_BLOCKS = YES;
				GCC_OPTIMIZATION_LEVEL = 0;
				GCC_PREPROCESSOR_DEFINITIONS = (
					"DEBUG=1",
					"$(inherited)",
				);
				GCC_WARN_64_TO_32_BIT_CONVERSION = YES;
				GCC_WARN_ABOUT_RETURN_TYPE = YES_ERROR;
				GCC_WARN_UNDECLARED_SELECTOR = YES;
				GCC_WARN_UNINITIALIZED_AUTOS = YES_AGGRESSIVE;
				GCC_WARN_UNUSED_FUNCTION = YES;
				GCC_WARN_UNUSED_VARIABLE = YES;
				IPHONEOS_DEPLOYMENT_TARGET = 9.3;
				MTL_ENABLE_DEBUG_INFO = YES;
				ONLY_ACTIVE_ARCH = YES;
				SDKROOT = iphoneos;
			};
			name = Debug;
		};
		22B3C9B71CB3D46000EA00FA /* Release */ = {
			isa = XCBuildConfiguration;
			buildSettings = {
				ALWAYS_SEARCH_USER_PATHS = NO;
				CLANG_ANALYZER_NONNULL = YES;
				CLANG_CXX_LANGUAGE_STANDARD = "gnu++0x";
				CLANG_CXX_LIBRARY = "libc++";
				CLANG_ENABLE_MODULES = YES;
				CLANG_ENABLE_OBJC_ARC = YES;
				CLANG_WARN_BOOL_CONVERSION = YES;
				CLANG_WARN_CONSTANT_CONVERSION = YES;
				CLANG_WARN_DIRECT_OBJC_ISA_USAGE = YES_ERROR;
				CLANG_WARN_EMPTY_BODY = YES;
				CLANG_WARN_ENUM_CONVERSION = YES;
				CLANG_WARN_INT_CONVERSION = YES;
				CLANG_WARN_OBJC_ROOT_CLASS = YES_ERROR;
				CLANG_WARN_UNREACHABLE_CODE = YES;
				CLANG_WARN__DUPLICATE_METHOD_MATCH = YES;
				"CODE_SIGN_IDENTITY[sdk=iphoneos*]" = "iPhone Developer";
				COPY_PHASE_STRIP = NO;
				DEBUG_INFORMATION_FORMAT = "dwarf-with-dsym";
				ENABLE_NS_ASSERTIONS = NO;
				ENABLE_STRICT_OBJC_MSGSEND = YES;
				GCC_C_LANGUAGE_STANDARD = gnu99;
				GCC_NO_COMMON_BLOCKS = YES;
				GCC_WARN_64_TO_32_BIT_CONVERSION = YES;
				GCC_WARN_ABOUT_RETURN_TYPE = YES_ERROR;
				GCC_WARN_UNDECLARED_SELECTOR = YES;
				GCC_WARN_UNINITIALIZED_AUTOS = YES_AGGRESSIVE;
				GCC_WARN_UNUSED_FUNCTION = YES;
				GCC_WARN_UNUSED_VARIABLE = YES;
				IPHONEOS_DEPLOYMENT_TARGET = 9.3;
				MTL_ENABLE_DEBUG_INFO = NO;
				SDKROOT = iphoneos;
				VALIDATE_PRODUCT = YES;
			};
			name = Release;
		};
		22B3C9B91CB3D46000EA00FA /* Debug */ = {
			isa = XCBuildConfiguration;
			buildSettings = {
				ASSETCATALOG_COMPILER_APPICON_NAME = AppIcon;
				ASSETCATALOG_COMPILER_LAUNCHIMAGE_NAME = "Brand Assets";
				INFOPLIST_FILE = OD01/Info.plist;
				IPHONEOS_DEPLOYMENT_TARGET = 8.0;
				LD_RUNPATH_SEARCH_PATHS = "$(inherited) @executable_path/Frameworks";
				PRODUCT_BUNDLE_IDENTIFIER = com.aikan.OD01;
				PRODUCT_NAME = "$(TARGET_NAME)";
			};
			name = Debug;
		};
		22B3C9BA1CB3D46000EA00FA /* Release */ = {
			isa = XCBuildConfiguration;
			buildSettings = {
				ASSETCATALOG_COMPILER_APPICON_NAME = AppIcon;
				ASSETCATALOG_COMPILER_LAUNCHIMAGE_NAME = "Brand Assets";
				INFOPLIST_FILE = OD01/Info.plist;
				IPHONEOS_DEPLOYMENT_TARGET = 8.0;
				LD_RUNPATH_SEARCH_PATHS = "$(inherited) @executable_path/Frameworks";
				PRODUCT_BUNDLE_IDENTIFIER = com.aikan.OD01;
				PRODUCT_NAME = "$(TARGET_NAME)";
			};
			name = Release;
		};
/* End XCBuildConfiguration section */

/* Begin XCConfigurationList section */
		22B3C99C1CB3D46000EA00FA /* Build configuration list for PBXProject "OD01" */ = {
			isa = XCConfigurationList;
			buildConfigurations = (
				22B3C9B61CB3D46000EA00FA /* Debug */,
				22B3C9B71CB3D46000EA00FA /* Release */,
			);
			defaultConfigurationIsVisible = 0;
			defaultConfigurationName = Release;
		};
		22B3C9B81CB3D46000EA00FA /* Build configuration list for PBXNativeTarget "OD01" */ = {
			isa = XCConfigurationList;
			buildConfigurations = (
				22B3C9B91CB3D46000EA00FA /* Debug */,
				22B3C9BA1CB3D46000EA00FA /* Release */,
			);
			defaultConfigurationIsVisible = 0;
			defaultConfigurationName = Release;
		};
/* End XCConfigurationList section */
	};
	rootObject = 22B3C9991CB3D46000EA00FA /* Project object */;
}
