// !$*UTF8*$!
{
	archiveVersion = 1;
	classes = {
	};
	objectVersion = 46;
	objects = {

/* Begin PBXBuildFile section */
		22B3C9BC1CB3DFDF00EA00FA /* Assets.xcassets in Resources */ = {isa = PBXBuildFile; fileRef = 22B3C9BB1CB3DFDF00EA00FA /* Assets.xcassets */; };
		22B3C9F61CB4A41000EA00FA /* HMDiscoverViewController.m in Sources */ = {isa = PBXBuildFile; fileRef = 22B3C9D41CB4A41000EA00FA /* HMDiscoverViewController.m */; };
		22B3C9F71CB4A41000EA00FA /* HMHomeViewController.m in Sources */ = {isa = PBXBuildFile; fileRef = 22B3C9DA1CB4A41000EA00FA /* HMHomeViewController.m */; };
		22B3C9F81CB4A41000EA00FA /* HMImageTool.m in Sources */ = {isa = PBXBuildFile; fileRef = 22B3C9E01CB4A41000EA00FA /* HMImageTool.m */; };
		22B3C9F91CB4A41000EA00FA /* HMTabBarViewController.m in Sources */ = {isa = PBXBuildFile; fileRef = 22B3C9E31CB4A41000EA00FA /* HMTabBarViewController.m */; };
		22B3C9FA1CB4A41000EA00FA /* AppDelegate.m in Sources */ = {isa = PBXBuildFile; fileRef = 22B3C9E71CB4A41000EA00FA /* AppDelegate.m */; };
		22B3C9FB1CB4A41000EA00FA /* main.m in Sources */ = {isa = PBXBuildFile; fileRef = 22B3C9E81CB4A41000EA00FA /* main.m */; };
		22B3C9FC1CB4A41000EA00FA /* HMMessageViewController.m in Sources */ = {isa = PBXBuildFile; fileRef = 22B3C9ED1CB4A41000EA00FA /* HMMessageViewController.m */; };
		22B3C9FD1CB4A41000EA00FA /* HMProfileTableViewController.m in Sources */ = {isa = PBXBuildFile; fileRef = 22B3C9F31CB4A41000EA00FA /* HMProfileTableViewController.m */; };
		22CF1A7A1CB4AB1900EFAC7A /* HMNavigationController.m in Sources */ = {isa = PBXBuildFile; fileRef = 22CF1A791CB4AB1900EFAC7A /* HMNavigationController.m */; };
		22CF1A811CB4B8D000EFAC7A /* UIBarButtonItem+Extension.m in Sources */ = {isa = PBXBuildFile; fileRef = 22CF1A7C1CB4B8D000EFAC7A /* UIBarButtonItem+Extension.m */; };
		22CF1A821CB4B8D000EFAC7A /* UIImage+Extension.m in Sources */ = {isa = PBXBuildFile; fileRef = 22CF1A7E1CB4B8D000EFAC7A /* UIImage+Extension.m */; };
		22CF1A831CB4B8D000EFAC7A /* UIView+Extension.m in Sources */ = {isa = PBXBuildFile; fileRef = 22CF1A801CB4B8D000EFAC7A /* UIView+Extension.m */; };
		22CF1A861CB4BD4800EFAC7A /* HMGlobal.m in Sources */ = {isa = PBXBuildFile; fileRef = 22CF1A851CB4BD4800EFAC7A /* HMGlobal.m */; };
/* End PBXBuildFile section */

/* Begin PBXFileReference section */
		22B3C9A11CB3D46000EA00FA /* OD01.app */ = {isa = PBXFileReference; explicitFileType = wrapper.application; includeInIndex = 0; path = OD01.app; sourceTree = BUILT_PRODUCTS_DIR; };
		22B3C9B51CB3D46000EA00FA /* Info.plist */ = {isa = PBXFileReference; lastKnownFileType = text.plist.xml; path = Info.plist; sourceTree = "<group>"; };
		22B3C9BB1CB3DFDF00EA00FA /* Assets.xcassets */ = {isa = PBXFileReference; lastKnownFileType = folder.assetcatalog; path = Assets.xcassets; sourceTree = "<group>"; };
		22B3C9D31CB4A41000EA00FA /* HMDiscoverViewController.h */ = {isa = PBXFileReference; fileEncoding = 4; lastKnownFileType = sourcecode.c.h; path = HMDiscoverViewController.h; sourceTree = "<group>"; };
		22B3C9D41CB4A41000EA00FA /* HMDiscoverViewController.m */ = {isa = PBXFileReference; fileEncoding = 4; lastKnownFileType = sourcecode.c.objc; path = HMDiscoverViewController.m; sourceTree = "<group>"; };
		22B3C9D91CB4A41000EA00FA /* HMHomeViewController.h */ = {isa = PBXFileReference; fileEncoding = 4; lastKnownFileType = sourcecode.c.h; path = HMHomeViewController.h; sourceTree = "<group>"; };
		22B3C9DA1CB4A41000EA00FA /* HMHomeViewController.m */ = {isa = PBXFileReference; fileEncoding = 4; lastKnownFileType = sourcecode.c.objc; path = HMHomeViewController.m; sourceTree = "<group>"; };
		22B3C9DF1CB4A41000EA00FA /* HMImageTool.h */ = {isa = PBXFileReference; fileEncoding = 4; lastKnownFileType = sourcecode.c.h; path = HMImageTool.h; sourceTree = "<group>"; };
		22B3C9E01CB4A41000EA00FA /* HMImageTool.m */ = {isa = PBXFileReference; fileEncoding = 4; lastKnownFileType = sourcecode.c.objc; path = HMImageTool.m; sourceTree = "<group>"; };
		22B3C9E21CB4A41000EA00FA /* HMTabBarViewController.h */ = {isa = PBXFileReference; fileEncoding = 4; lastKnownFileType = sourcecode.c.h; path = HMTabBarViewController.h; sourceTree = "<group>"; };
		22B3C9E31CB4A41000EA00FA /* HMTabBarViewController.m */ = {isa = PBXFileReference; fileEncoding = 4; lastKnownFileType = sourcecode.c.objc; path = HMTabBarViewController.m; sourceTree = "<group>"; };
		22B3C9E61CB4A41000EA00FA /* AppDelegate.h */ = {isa = PBXFileReference; fileEncoding = 4; lastKnownFileType = sourcecode.c.h; path = AppDelegate.h; sourceTree = "<group>"; };
		22B3C9E71CB4A41000EA00FA /* AppDelegate.m */ = {isa = PBXFileReference; fileEncoding = 4; lastKnownFileType = sourcecode.c.objc; path = AppDelegate.m; sourceTree = "<group>"; };
		22B3C9E81CB4A41000EA00FA /* main.m */ = {isa = PBXFileReference; fileEncoding = 4; lastKnownFileType = sourcecode.c.objc; path = main.m; sourceTree = "<group>"; };
		22B3C9EC1CB4A41000EA00FA /* HMMessageViewController.h */ = {isa = PBXFileReference; fileEncoding = 4; lastKnownFileType = sourcecode.c.h; path = HMMessageViewController.h; sourceTree = "<group>"; };
		22B3C9ED1CB4A41000EA00FA /* HMMessageViewController.m */ = {isa = PBXFileReference; fileEncoding = 4; lastKnownFileType = sourcecode.c.objc; path = HMMessageViewController.m; sourceTree = "<group>"; };
		22B3C9F21CB4A41000EA00FA /* HMProfileTableViewController.h */ = {isa = PBXFileReference; fileEncoding = 4; lastKnownFileType = sourcecode.c.h; path = HMProfileTableViewController.h; sourceTree = "<group>"; };
		22B3C9F31CB4A41000EA00FA /* HMProfileTableViewController.m */ = {isa = PBXFileReference; fileEncoding = 4; lastKnownFileType = sourcecode.c.objc; path = HMProfileTableViewController.m; sourceTree = "<group>"; };
		22CF1A781CB4AB1900EFAC7A /* HMNavigationController.h */ = {isa = PBXFileReference; fileEncoding = 4; lastKnownFileType = sourcecode.c.h; path = HMNavigationController.h; sourceTree = "<group>"; };
		22CF1A791CB4AB1900EFAC7A /* HMNavigationController.m */ = {isa = PBXFileReference; fileEncoding = 4; lastKnownFileType = sourcecode.c.objc; path = HMNavigationController.m; sourceTree = "<group>"; };
		22CF1A7B1CB4B8D000EFAC7A /* UIBarButtonItem+Extension.h */ = {isa = PBXFileReference; fileEncoding = 4; lastKnownFileType = sourcecode.c.h; path = "UIBarButtonItem+Extension.h"; sourceTree = "<group>"; };
		22CF1A7C1CB4B8D000EFAC7A /* UIBarButtonItem+Extension.m */ = {isa = PBXFileReference; fileEncoding = 4; lastKnownFileType = sourcecode.c.objc; path = "UIBarButtonItem+Extension.m"; sourceTree = "<group>"; };
		22CF1A7D1CB4B8D000EFAC7A /* UIImage+Extension.h */ = {isa = PBXFileReference; fileEncoding = 4; lastKnownFileType = sourcecode.c.h; path = "UIImage+Extension.h"; sourceTree = "<group>"; };
		22CF1A7E1CB4B8D000EFAC7A /* UIImage+Extension.m */ = {isa = PBXFileReference; fileEncoding = 4; lastKnownFileType = sourcecode.c.objc; path = "UIImage+Extension.m"; sourceTree = "<group>"; };
		22CF1A7F1CB4B8D000EFAC7A /* UIView+Extension.h */ = {isa = PBXFileReference; fileEncoding = 4; lastKnownFileType = sourcecode.c.h; path = "UIView+Extension.h"; sourceTree = "<group>"; };
		22CF1A801CB4B8D000EFAC7A /* UIView+Extension.m */ = {isa = PBXFileReference; fileEncoding = 4; lastKnownFileType = sourcecode.c.objc; path = "UIView+Extension.m"; sourceTree = "<group>"; };
		22CF1A841CB4BD4800EFAC7A /* HMGlobal.h */ = {isa = PBXFileReference; fileEncoding = 4; lastKnownFileType = sourcecode.c.h; path = HMGlobal.h; sourceTree = "<group>"; };
		22CF1A851CB4BD4800EFAC7A /* HMGlobal.m */ = {isa = PBXFileReference; fileEncoding = 4; lastKnownFileType = sourcecode.c.objc; path = HMGlobal.m; sourceTree = "<group>"; };
/* End PBXFileReference section */

/* Begin PBXFrameworksBuildPhase section */
		22B3C99E1CB3D46000EA00FA /* Frameworks */ = {
			isa = PBXFrameworksBuildPhase;
			buildActionMask = 2147483647;
			files = (
			);
			runOnlyForDeploymentPostprocessing = 0;
		};
/* End PBXFrameworksBuildPhase section */

/* Begin PBXGroup section */
		22B3C9981CB3D46000EA00FA = {
			isa = PBXGroup;
			children = (
				22B3C9A31CB3D46000EA00FA /* OD01 */,
				22B3C9A21CB3D46000EA00FA /* Products */,
			);
			sourceTree = "<group>";
		};
		22B3C9A21CB3D46000EA00FA /* Products */ = {
			isa = PBXGroup;
			children = (
				22B3C9A11CB3D46000EA00FA /* OD01.app */,
			);
			name = Products;
			sourceTree = "<group>";
		};
		22B3C9A31CB3D46000EA00FA /* OD01 */ = {
			isa = PBXGroup;
			children = (
				22B3C9D01CB4A41000EA00FA /* Classes */,
				22B3C9BB1CB3DFDF00EA00FA /* Assets.xcassets */,
				22B3C9B51CB3D46000EA00FA /* Info.plist */,
				22B3C9A41CB3D46000EA00FA /* Supporting Files */,
			);
			path = OD01;
			sourceTree = "<group>";
		};
		22B3C9A41CB3D46000EA00FA /* Supporting Files */ = {
			isa = PBXGroup;
			children = (
			);
			name = "Supporting Files";
			sourceTree = "<group>";
		};
		22B3C9D01CB4A41000EA00FA /* Classes */ = {
			isa = PBXGroup;
			children = (
				22B3C9DD1CB4A41000EA00FA /* Main（主要） */,
				22B3C9D71CB4A41000EA00FA /* Home（首页） */,
				22B3C9EA1CB4A41000EA00FA /* Message（消息） */,
				22B3C9D11CB4A41000EA00FA /* Discover（发现） */,
				22B3C9F01CB4A41000EA00FA /* Profile（我） */,
			);
			path = Classes;
			sourceTree = "<group>";
		};
		22B3C9D11CB4A41000EA00FA /* Discover（发现） */ = {
			isa = PBXGroup;
			children = (
				22B3C9D21CB4A41000EA00FA /* Controller */,
				22B3C9D51CB4A41000EA00FA /* Model */,
				22B3C9D61CB4A41000EA00FA /* View */,
			);
			path = "Discover（发现）";
			sourceTree = "<group>";
		};
		22B3C9D21CB4A41000EA00FA /* Controller */ = {
			isa = PBXGroup;
			children = (
				22B3C9D31CB4A41000EA00FA /* HMDiscoverViewController.h */,
				22B3C9D41CB4A41000EA00FA /* HMDiscoverViewController.m */,
			);
			path = Controller;
			sourceTree = "<group>";
		};
		22B3C9D51CB4A41000EA00FA /* Model */ = {
			isa = PBXGroup;
			children = (
			);
			path = Model;
			sourceTree = "<group>";
		};
		22B3C9D61CB4A41000EA00FA /* View */ = {
			isa = PBXGroup;
			children = (
			);
			path = View;
			sourceTree = "<group>";
		};
		22B3C9D71CB4A41000EA00FA /* Home（首页） */ = {
			isa = PBXGroup;
			children = (
				22B3C9D81CB4A41000EA00FA /* Controller */,
				22B3C9DB1CB4A41000EA00FA /* Model */,
				22B3C9DC1CB4A41000EA00FA /* View */,
			);
			path = "Home（首页）";
			sourceTree = "<group>";
		};
		22B3C9D81CB4A41000EA00FA /* Controller */ = {
			isa = PBXGroup;
			children = (
				22B3C9D91CB4A41000EA00FA /* HMHomeViewController.h */,
				22B3C9DA1CB4A41000EA00FA /* HMHomeViewController.m */,
			);
			path = Controller;
			sourceTree = "<group>";
		};
		22B3C9DB1CB4A41000EA00FA /* Model */ = {
			isa = PBXGroup;
			children = (
			);
			path = Model;
			sourceTree = "<group>";
		};
		22B3C9DC1CB4A41000EA00FA /* View */ = {
			isa = PBXGroup;
			children = (
			);
			path = View;
			sourceTree = "<group>";
		};
		22B3C9DD1CB4A41000EA00FA /* Main（主要） */ = {
			isa = PBXGroup;
			children = (
				22B3C9DE1CB4A41000EA00FA /* Category */,
				22B3C9E11CB4A41000EA00FA /* Controller */,
				22B3C9E41CB4A41000EA00FA /* Model */,
				22B3C9E51CB4A41000EA00FA /* Other */,
				22B3C9E91CB4A41000EA00FA /* View */,
			);
			path = "Main（主要）";
			sourceTree = "<group>";
		};
		22B3C9DE1CB4A41000EA00FA /* Category */ = {
			isa = PBXGroup;
			children = (
				22CF1A7B1CB4B8D000EFAC7A /* UIBarButtonItem+Extension.h */,
				22CF1A7C1CB4B8D000EFAC7A /* UIBarButtonItem+Extension.m */,
				22CF1A7D1CB4B8D000EFAC7A /* UIImage+Extension.h */,
				22CF1A7E1CB4B8D000EFAC7A /* UIImage+Extension.m */,
				22CF1A7F1CB4B8D000EFAC7A /* UIView+Extension.h */,
				22CF1A801CB4B8D000EFAC7A /* UIView+Extension.m */,
				22B3C9DF1CB4A41000EA00FA /* HMImageTool.h */,
				22B3C9E01CB4A41000EA00FA /* HMImageTool.m */,
				22CF1A841CB4BD4800EFAC7A /* HMGlobal.h */,
				22CF1A851CB4BD4800EFAC7A /* HMGlobal.m */,
			);
			path = Category;
			sourceTree = "<group>";
		};
		22B3C9E11CB4A41000EA00FA /* Controller */ = {
			isa = PBXGroup;
			children = (
				22B3C9E21CB4A41000EA00FA /* HMTabBarViewController.h */,
				22B3C9E31CB4A41000EA00FA /* HMTabBarViewController.m */,
				22CF1A781CB4AB1900EFAC7A /* HMNavigationController.h */,
				22CF1A791CB4AB1900EFAC7A /* HMNavigationController.m */,
			);
			path = Controller;
			sourceTree = "<group>";
		};
		22B3C9E41CB4A41000EA00FA /* Model */ = {
			isa = PBXGroup;
			children = (
			);
			path = Model;
			sourceTree = "<group>";
		};
		22B3C9E51CB4A41000EA00FA /* Other */ = {
			isa = PBXGroup;
			children = (
				22B3C9E61CB4A41000EA00FA /* AppDelegate.h */,
				22B3C9E71CB4A41000EA00FA /* AppDelegate.m */,
				22B3C9E81CB4A41000EA00FA /* main.m */,
			);
			path = Other;
			sourceTree = "<group>";
		};
		22B3C9E91CB4A41000EA00FA /* View */ = {
			isa = PBXGroup;
			children = (
			);
			path = View;
			sourceTree = "<group>";
		};
		22B3C9EA1CB4A41000EA00FA /* Message（消息） */ = {
			isa = PBXGroup;
			children = (
				22B3C9EB1CB4A41000EA00FA /* Controller */,
				22B3C9EE1CB4A41000EA00FA /* Model */,
				22B3C9EF1CB4A41000EA00FA /* View */,
			);
			path = "Message（消息）";
			sourceTree = "<group>";
		};
		22B3C9EB1CB4A41000EA00FA /* Controller */ = {
			isa = PBXGroup;
			children = (
				22B3C9EC1CB4A41000EA00FA /* HMMessageViewController.h */,
				22B3C9ED1CB4A41000EA00FA /* HMMessageViewController.m */,
			);
			path = Controller;
			sourceTree = "<group>";
		};
		22B3C9EE1CB4A41000EA00FA /* Model */ = {
			isa = PBXGroup;
			children = (
			);
			path = Model;
			sourceTree = "<group>";
		};
		22B3C9EF1CB4A41000EA00FA /* View */ = {
			isa = PBXGroup;
			children = (
			);
			path = View;
			sourceTree = "<group>";
		};
		22B3C9F01CB4A41000EA00FA /* Profile（我） */ = {
			isa = PBXGroup;
			children = (
				22B3C9F11CB4A41000EA00FA /* Controller */,
				22B3C9F41CB4A41000EA00FA /* Model */,
				22B3C9F51CB4A41000EA00FA /* View */,
			);
			path = "Profile（我）";
			sourceTree = "<group>";
		};
		22B3C9F11CB4A41000EA00FA /* Controller */ = {
			isa = PBXGroup;
			children = (
				22B3C9F21CB4A41000EA00FA /* HMProfileTableViewController.h */,
				22B3C9F31CB4A41000EA00FA /* HMProfileTableViewController.m */,
			);
			path = Controller;
			sourceTree = "<group>";
		};
		22B3C9F41CB4A41000EA00FA /* Model */ = {
			isa = PBXGroup;
			children = (
			);
			path = Model;
			sourceTree = "<group>";
		};
		22B3C9F51CB4A41000EA00FA /* View */ = {
			isa = PBXGroup;
			children = (
			);
			path = View;
			sourceTree = "<group>";
		};
/* End PBXGroup section */

/* Begin PBXNativeTarget section */
		22B3C9A01CB3D46000EA00FA /* OD01 */ = {
			isa = PBXNativeTarget;
			buildConfigurationList = 22B3C9B81CB3D46000EA00FA /* Build configuration list for PBXNativeTarget "OD01" */;
			buildPhases = (
				22B3C99D1CB3D46000EA00FA /* Sources */,
				22B3C99E1CB3D46000EA00FA /* Frameworks */,
				22B3C99F1CB3D46000EA00FA /* Resources */,
			);
			buildRules = (
			);
			dependencies = (
			);
			name = OD01;
			productName = OD01;
			productReference = 22B3C9A11CB3D46000EA00FA /* OD01.app */;
			productType = "com.apple.product-type.application";
		};
/* End PBXNativeTarget section */

/* Begin PBXProject section */
		22B3C9991CB3D46000EA00FA /* Project object */ = {
			isa = PBXProject;
			attributes = {
				CLASSPREFIX = HM;
				LastUpgradeCheck = 0730;
				ORGANIZATIONNAME = sam;
				TargetAttributes = {
					22B3C9A01CB3D46000EA00FA = {
						CreatedOnToolsVersion = 7.3;
						DevelopmentTeam = CJ4JBPGH72;
					};
				};
			};
			buildConfigurationList = 22B3C99C1CB3D46000EA00FA /* Build configuration list for PBXProject "OD01" */;
			compatibilityVersion = "Xcode 3.2";
			developmentRegion = English;
			hasScannedForEncodings = 0;
			knownRegions = (
				en,
				Base,
			);
			mainGroup = 22B3C9981CB3D46000EA00FA;
			productRefGroup = 22B3C9A21CB3D46000EA00FA /* Products */;
			projectDirPath = "";
			projectRoot = "";
			targets = (
				22B3C9A01CB3D46000EA00FA /* OD01 */,
			);
		};
/* End PBXProject section */

/* Begin PBXResourcesBuildPhase section */
		22B3C99F1CB3D46000EA00FA /* Resources */ = {
			isa = PBXResourcesBuildPhase;
			buildActionMask = 2147483647;
			files = (
				22B3C9BC1CB3DFDF00EA00FA /* Assets.xcassets in Resources */,
			);
			runOnlyForDeploymentPostprocessing = 0;
		};
/* End PBXResourcesBuildPhase section */

/* Begin PBXSourcesBuildPhase section */
		22B3C99D1CB3D46000EA00FA /* Sources */ = {
			isa = PBXSourcesBuildPhase;
			buildActionMask = 2147483647;
			files = (
				22B3C9F81CB4A41000EA00FA /* HMImageTool.m in Sources */,
				22B3C9F71CB4A41000EA00FA /* HMHomeViewController.m in Sources */,
				22B3C9F61CB4A41000EA00FA /* HMDiscoverViewController.m in Sources */,
				22B3C9F91CB4A41000EA00FA /* HMTabBarViewController.m in Sources */,
				22CF1A811CB4B8D000EFAC7A /* UIBarButtonItem+Extension.m in Sources */,
				22B3C9FC1CB4A41000EA00FA /* HMMessageViewController.m in Sources */,
				22CF1A831CB4B8D000EFAC7A /* UIView+Extension.m in Sources */,
				22B3C9FB1CB4A41000EA00FA /* main.m in Sources */,
				22B3C9FD1CB4A41000EA00FA /* HMProfileTableViewController.m in Sources */,
				22B3C9FA1CB4A41000EA00FA /* AppDelegate.m in Sources */,
				22CF1A821CB4B8D000EFAC7A /* UIImage+Extension.m in Sources */,
				22CF1A861CB4BD4800EFAC7A /* HMGlobal.m in Sources */,
				22CF1A7A1CB4AB1900EFAC7A /* HMNavigationController.m in Sources */,
			);
			runOnlyForDeploymentPostprocessing = 0;
		};
/* End PBXSourcesBuildPhase section */

/* Begin XCBuildConfiguration section */
		22B3C9B61CB3D46000EA00FA /* Debug */ = {
			isa = XCBuildConfiguration;
			buildSettings = {
				ALWAYS_SEARCH_USER_PATHS = NO;
				CLANG_ANALYZER_NONNULL = YES;
				CLANG_CXX_LANGUAGE_STANDARD = "gnu++0x";
				CLANG_CXX_LIBRARY = "libc++";
				CLANG_ENABLE_MODULES = YES;
				CLANG_ENABLE_OBJC_ARC = YES;
				CLANG_WARN_BOOL_CONVERSION = YES;
				CLANG_WARN_CONSTANT_CONVERSION = YES;
				CLANG_WARN_DIRECT_OBJC_ISA_USAGE = YES_ERROR;
				CLANG_WARN_EMPTY_BODY = YES;
				CLANG_WARN_ENUM_CONVERSION = YES;
				CLANG_WARN_INT_CONVERSION = YES;
				CLANG_WARN_OBJC_ROOT_CLASS = YES_ERROR;
				CLANG_WARN_UNREACHABLE_CODE = YES;
				CLANG_WARN__DUPLICATE_METHOD_MATCH = YES;
				"CODE_SIGN_IDENTITY[sdk=iphoneos*]" = "iPhone Developer";
				COPY_PHASE_STRIP = NO;
				DEBUG_INFORMATION_FORMAT = dwarf;
				ENABLE_STRICT_OBJC_MSGSEND = YES;
				ENABLE_TESTABILITY = YES;
				GCC_C_LANGUAGE_STANDARD = gnu99;
				GCC_DYNAMIC_NO_PIC = NO;
				GCC_NO_COMMON_BLOCKS = YES;
				GCC_OPTIMIZATION_LEVEL = 0;
				GCC_PREPROCESSOR_DEFINITIONS = (
					"DEBUG=1",
					"$(inherited)",
				);
				GCC_WARN_64_TO_32_BIT_CONVERSION = YES;
				GCC_WARN_ABOUT_RETURN_TYPE = YES_ERROR;
				GCC_WARN_UNDECLARED_SELECTOR = YES;
				GCC_WARN_UNINITIALIZED_AUTOS = YES_AGGRESSIVE;
				GCC_WARN_UNUSED_FUNCTION = YES;
				GCC_WARN_UNUSED_VARIABLE = YES;
				IPHONEOS_DEPLOYMENT_TARGET = 9.3;
				MTL_ENABLE_DEBUG_INFO = YES;
				ONLY_ACTIVE_ARCH = YES;
				SDKROOT = iphoneos;
			};
			name = Debug;
		};
		22B3C9B71CB3D46000EA00FA /* Release */ = {
			isa = XCBuildConfiguration;
			buildSettings = {
				ALWAYS_SEARCH_USER_PATHS = NO;
				CLANG_ANALYZER_NONNULL = YES;
				CLANG_CXX_LANGUAGE_STANDARD = "gnu++0x";
				CLANG_CXX_LIBRARY = "libc++";
				CLANG_ENABLE_MODULES = YES;
				CLANG_ENABLE_OBJC_ARC = YES;
				CLANG_WARN_BOOL_CONVERSION = YES;
				CLANG_WARN_CONSTANT_CONVERSION = YES;
				CLANG_WARN_DIRECT_OBJC_ISA_USAGE = YES_ERROR;
				CLANG_WARN_EMPTY_BODY = YES;
				CLANG_WARN_ENUM_CONVERSION = YES;
				CLANG_WARN_INT_CONVERSION = YES;
				CLANG_WARN_OBJC_ROOT_CLASS = YES_ERROR;
				CLANG_WARN_UNREACHABLE_CODE = YES;
				CLANG_WARN__DUPLICATE_METHOD_MATCH = YES;
				"CODE_SIGN_IDENTITY[sdk=iphoneos*]" = "iPhone Developer";
				COPY_PHASE_STRIP = NO;
				DEBUG_INFORMATION_FORMAT = "dwarf-with-dsym";
				ENABLE_NS_ASSERTIONS = NO;
				ENABLE_STRICT_OBJC_MSGSEND = YES;
				GCC_C_LANGUAGE_STANDARD = gnu99;
				GCC_NO_COMMON_BLOCKS = YES;
				GCC_WARN_64_TO_32_BIT_CONVERSION = YES;
				GCC_WARN_ABOUT_RETURN_TYPE = YES_ERROR;
				GCC_WARN_UNDECLARED_SELECTOR = YES;
				GCC_WARN_UNINITIALIZED_AUTOS = YES_AGGRESSIVE;
				GCC_WARN_UNUSED_FUNCTION = YES;
				GCC_WARN_UNUSED_VARIABLE = YES;
				IPHONEOS_DEPLOYMENT_TARGET = 9.3;
				MTL_ENABLE_DEBUG_INFO = NO;
				SDKROOT = iphoneos;
				VALIDATE_PRODUCT = YES;
			};
			name = Release;
		};
		22B3C9B91CB3D46000EA00FA /* Debug */ = {
			isa = XCBuildConfiguration;
			buildSettings = {
				ASSETCATALOG_COMPILER_APPICON_NAME = AppIcon;
				ASSETCATALOG_COMPILER_LAUNCHIMAGE_NAME = "Brand Assets";
				INFOPLIST_FILE = OD01/Info.plist;
				IPHONEOS_DEPLOYMENT_TARGET = 8.0;
				LD_RUNPATH_SEARCH_PATHS = "$(inherited) @executable_path/Frameworks";
				PRODUCT_BUNDLE_IDENTIFIER = com.aikan.OD01;
				PRODUCT_NAME = "$(TARGET_NAME)";
			};
			name = Debug;
		};
		22B3C9BA1CB3D46000EA00FA /* Release */ = {
			isa = XCBuildConfiguration;
			buildSettings = {
				ASSETCATALOG_COMPILER_APPICON_NAME = AppIcon;
				ASSETCATALOG_COMPILER_LAUNCHIMAGE_NAME = "Brand Assets";
				INFOPLIST_FILE = OD01/Info.plist;
				IPHONEOS_DEPLOYMENT_TARGET = 8.0;
				LD_RUNPATH_SEARCH_PATHS = "$(inherited) @executable_path/Frameworks";
				PRODUCT_BUNDLE_IDENTIFIER = com.aikan.OD01;
				PRODUCT_NAME = "$(TARGET_NAME)";
			};
			name = Release;
		};
/* End XCBuildConfiguration section */

/* Begin XCConfigurationList section */
		22B3C99C1CB3D46000EA00FA /* Build configuration list for PBXProject "OD01" */ = {
			isa = XCConfigurationList;
			buildConfigurations = (
				22B3C9B61CB3D46000EA00FA /* Debug */,
				22B3C9B71CB3D46000EA00FA /* Release */,
			);
			defaultConfigurationIsVisible = 0;
			defaultConfigurationName = Release;
		};
		22B3C9B81CB3D46000EA00FA /* Build configuration list for PBXNativeTarget "OD01" */ = {
			isa = XCConfigurationList;
			buildConfigurations = (
				22B3C9B91CB3D46000EA00FA /* Debug */,
				22B3C9BA1CB3D46000EA00FA /* Release */,
			);
			defaultConfigurationIsVisible = 0;
			defaultConfigurationName = Release;
		};
/* End XCConfigurationList section */
	};
	rootObject = 22B3C9991CB3D46000EA00FA /* Project object */;
}
