// !$*UTF8*$!
{
	archiveVersion = 1;
	classes = {
	};
	objectVersion = 46;
	objects = {

/* Begin PBXBuildFile section */
		22B3C9F61CB4A41000EA00FA /* HMDiscoverViewController.m in Sources */ = {isa = PBXBuildFile; fileRef = 22B3C9D41CB4A41000EA00FA /* HMDiscoverViewController.m */; };
		22B3C9F71CB4A41000EA00FA /* HMHomeViewController.m in Sources */ = {isa = PBXBuildFile; fileRef = 22B3C9DA1CB4A41000EA00FA /* HMHomeViewController.m */; };
		22B3C9F81CB4A41000EA00FA /* HMImageTool.m in Sources */ = {isa = PBXBuildFile; fileRef = 22B3C9E01CB4A41000EA00FA /* HMImageTool.m */; };
		22B3C9F91CB4A41000EA00FA /* HMTabBarViewController.m in Sources */ = {isa = PBXBuildFile; fileRef = 22B3C9E31CB4A41000EA00FA /* HMTabBarViewController.m */; };
		22B3C9FA1CB4A41000EA00FA /* AppDelegate.m in Sources */ = {isa = PBXBuildFile; fileRef = 22B3C9E71CB4A41000EA00FA /* AppDelegate.m */; };
		22B3C9FB1CB4A41000EA00FA /* main.m in Sources */ = {isa = PBXBuildFile; fileRef = 22B3C9E81CB4A41000EA00FA /* main.m */; };
		22B3C9FC1CB4A41000EA00FA /* HMMessageViewController.m in Sources */ = {isa = PBXBuildFile; fileRef = 22B3C9ED1CB4A41000EA00FA /* HMMessageViewController.m */; };
		22B3C9FD1CB4A41000EA00FA /* HMProfileTableViewController.m in Sources */ = {isa = PBXBuildFile; fileRef = 22B3C9F31CB4A41000EA00FA /* HMProfileTableViewController.m */; };
		22CF1A7A1CB4AB1900EFAC7A /* HMNavigationController.m in Sources */ = {isa = PBXBuildFile; fileRef = 22CF1A791CB4AB1900EFAC7A /* HMNavigationController.m */; };
		22CF1A811CB4B8D000EFAC7A /* UIBarButtonItem+Extension.m in Sources */ = {isa = PBXBuildFile; fileRef = 22CF1A7C1CB4B8D000EFAC7A /* UIBarButtonItem+Extension.m */; };
		22CF1A821CB4B8D000EFAC7A /* UIImage+Extension.m in Sources */ = {isa = PBXBuildFile; fileRef = 22CF1A7E1CB4B8D000EFAC7A /* UIImage+Extension.m */; };
		22CF1A831CB4B8D000EFAC7A /* UIView+Extension.m in Sources */ = {isa = PBXBuildFile; fileRef = 22CF1A801CB4B8D000EFAC7A /* UIView+Extension.m */; };
		22CF1A861CB4BD4800EFAC7A /* HMGlobal.m in Sources */ = {isa = PBXBuildFile; fileRef = 22CF1A851CB4BD4800EFAC7A /* HMGlobal.m */; };
		22CF1A891CB51D6E00EFAC7A /* HMSearchBar.m in Sources */ = {isa = PBXBuildFile; fileRef = 22CF1A881CB51D6E00EFAC7A /* HMSearchBar.m */; };
		22CF1A8F1CB5374600EFAC7A /* HMTabBar.m in Sources */ = {isa = PBXBuildFile; fileRef = 22CF1A8E1CB5374600EFAC7A /* HMTabBar.m */; };
		22CF1A961CB5F27300EFAC7A /* HMComposeViewController.m in Sources */ = {isa = PBXBuildFile; fileRef = 22CF1A951CB5F27300EFAC7A /* HMComposeViewController.m */; };
		22CF1A9D1CB6005600EFAC7A /* HMNewfeatureViewController.m in Sources */ = {isa = PBXBuildFile; fileRef = 22CF1A9C1CB6005600EFAC7A /* HMNewfeatureViewController.m */; };
		22D7B2751CB67FEC00C5A79D /* AFHTTPRequestOperation.m in Sources */ = {isa = PBXBuildFile; fileRef = 22D7B25D1CB67FEC00C5A79D /* AFHTTPRequestOperation.m */; };
		22D7B2761CB67FEC00C5A79D /* AFHTTPRequestOperationManager.m in Sources */ = {isa = PBXBuildFile; fileRef = 22D7B25F1CB67FEC00C5A79D /* AFHTTPRequestOperationManager.m */; };
		22D7B2771CB67FEC00C5A79D /* AFHTTPSessionManager.m in Sources */ = {isa = PBXBuildFile; fileRef = 22D7B2611CB67FEC00C5A79D /* AFHTTPSessionManager.m */; };
		22D7B2781CB67FEC00C5A79D /* AFNetworkReachabilityManager.m in Sources */ = {isa = PBXBuildFile; fileRef = 22D7B2641CB67FEC00C5A79D /* AFNetworkReachabilityManager.m */; };
		22D7B2791CB67FEC00C5A79D /* AFSecurityPolicy.m in Sources */ = {isa = PBXBuildFile; fileRef = 22D7B2661CB67FEC00C5A79D /* AFSecurityPolicy.m */; };
		22D7B27A1CB67FEC00C5A79D /* AFURLConnectionOperation.m in Sources */ = {isa = PBXBuildFile; fileRef = 22D7B2681CB67FEC00C5A79D /* AFURLConnectionOperation.m */; };
		22D7B27B1CB67FEC00C5A79D /* AFURLRequestSerialization.m in Sources */ = {isa = PBXBuildFile; fileRef = 22D7B26A1CB67FEC00C5A79D /* AFURLRequestSerialization.m */; };
		22D7B27C1CB67FEC00C5A79D /* AFURLResponseSerialization.m in Sources */ = {isa = PBXBuildFile; fileRef = 22D7B26C1CB67FEC00C5A79D /* AFURLResponseSerialization.m */; };
		22D7B27D1CB67FEC00C5A79D /* AFURLSessionManager.m in Sources */ = {isa = PBXBuildFile; fileRef = 22D7B26E1CB67FEC00C5A79D /* AFURLSessionManager.m */; };
		22D7B27E1CB67FEC00C5A79D /* MBProgressHUD+MJ.m in Sources */ = {isa = PBXBuildFile; fileRef = 22D7B2711CB67FEC00C5A79D /* MBProgressHUD+MJ.m */; };
		22D7B27F1CB67FEC00C5A79D /* MBProgressHUD.bundle in Resources */ = {isa = PBXBuildFile; fileRef = 22D7B2721CB67FEC00C5A79D /* MBProgressHUD.bundle */; };
		22D7B2801CB67FEC00C5A79D /* MBProgressHUD.m in Sources */ = {isa = PBXBuildFile; fileRef = 22D7B2741CB67FEC00C5A79D /* MBProgressHUD.m */; };
		22D7B2871CB6803D00C5A79D /* HMOAuthViewController.m in Sources */ = {isa = PBXBuildFile; fileRef = 22D7B2841CB6803D00C5A79D /* HMOAuthViewController.m */; };
		22D7B28A1CB6A46000C5A79D /* HMAccount.m in Sources */ = {isa = PBXBuildFile; fileRef = 22D7B2891CB6A46000C5A79D /* HMAccount.m */; };
		22D7B28E1CB7298100C5A79D /* HMAccountTool.m in Sources */ = {isa = PBXBuildFile; fileRef = 22D7B28D1CB7298100C5A79D /* HMAccountTool.m */; };
		22D7B2901CB7598F00C5A79D /* Foundation+Log.m in Sources */ = {isa = PBXBuildFile; fileRef = 22D7B28F1CB7598F00C5A79D /* Foundation+Log.m */; };
		22D7B2B11CB7601D00C5A79D /* MKAnnotationView+WebCache.m in Sources */ = {isa = PBXBuildFile; fileRef = 22D7B2931CB7601D00C5A79D /* MKAnnotationView+WebCache.m */; };
		22D7B2B21CB7601D00C5A79D /* NSData+ImageContentType.m in Sources */ = {isa = PBXBuildFile; fileRef = 22D7B2951CB7601D00C5A79D /* NSData+ImageContentType.m */; };
		22D7B2B31CB7601D00C5A79D /* SDImageCache.m in Sources */ = {isa = PBXBuildFile; fileRef = 22D7B2971CB7601D00C5A79D /* SDImageCache.m */; };
		22D7B2B41CB7601D00C5A79D /* SDWebImageCompat.m in Sources */ = {isa = PBXBuildFile; fileRef = 22D7B2991CB7601D00C5A79D /* SDWebImageCompat.m */; };
		22D7B2B51CB7601D00C5A79D /* SDWebImageDecoder.m in Sources */ = {isa = PBXBuildFile; fileRef = 22D7B29B1CB7601D00C5A79D /* SDWebImageDecoder.m */; };
		22D7B2B61CB7601D00C5A79D /* SDWebImageDownloader.m in Sources */ = {isa = PBXBuildFile; fileRef = 22D7B29D1CB7601D00C5A79D /* SDWebImageDownloader.m */; };
		22D7B2B71CB7601D00C5A79D /* SDWebImageDownloaderOperation.m in Sources */ = {isa = PBXBuildFile; fileRef = 22D7B29F1CB7601D00C5A79D /* SDWebImageDownloaderOperation.m */; };
		22D7B2B81CB7601D00C5A79D /* SDWebImageManager.m in Sources */ = {isa = PBXBuildFile; fileRef = 22D7B2A11CB7601D00C5A79D /* SDWebImageManager.m */; };
		22D7B2B91CB7601D00C5A79D /* SDWebImagePrefetcher.m in Sources */ = {isa = PBXBuildFile; fileRef = 22D7B2A41CB7601D00C5A79D /* SDWebImagePrefetcher.m */; };
		22D7B2BA1CB7601D00C5A79D /* UIButton+WebCache.m in Sources */ = {isa = PBXBuildFile; fileRef = 22D7B2A61CB7601D00C5A79D /* UIButton+WebCache.m */; };
		22D7B2BB1CB7601D00C5A79D /* UIImage+GIF.m in Sources */ = {isa = PBXBuildFile; fileRef = 22D7B2A81CB7601D00C5A79D /* UIImage+GIF.m */; };
		22D7B2BC1CB7601D00C5A79D /* UIImage+MultiFormat.m in Sources */ = {isa = PBXBuildFile; fileRef = 22D7B2AA1CB7601D00C5A79D /* UIImage+MultiFormat.m */; };
		22D7B2BD1CB7601D00C5A79D /* UIImage+WebP.m in Sources */ = {isa = PBXBuildFile; fileRef = 22D7B2AC1CB7601D00C5A79D /* UIImage+WebP.m */; };
		22D7B2BE1CB7601D00C5A79D /* UIImageView+HighlightedWebCache.m in Sources */ = {isa = PBXBuildFile; fileRef = 22D7B2AE1CB7601D00C5A79D /* UIImageView+HighlightedWebCache.m */; };
		22D7B2BF1CB7601D00C5A79D /* UIImageView+WebCache.m in Sources */ = {isa = PBXBuildFile; fileRef = 22D7B2B01CB7601D00C5A79D /* UIImageView+WebCache.m */; };
		22D7B2C11CB7614200C5A79D /* Assets.xcassets in Resources */ = {isa = PBXBuildFile; fileRef = 22D7B2C01CB7614200C5A79D /* Assets.xcassets */; };
		22D7B2C41CB7889000C5A79D /* HMUser.m in Sources */ = {isa = PBXBuildFile; fileRef = 22D7B2C31CB7889000C5A79D /* HMUser.m */; };
		22D7B2C71CB78AB100C5A79D /* HMStatus.m in Sources */ = {isa = PBXBuildFile; fileRef = 22D7B2C61CB78AB100C5A79D /* HMStatus.m */; };
		22D7B2CA1CB78CBF00C5A79D /* HMPhoto.m in Sources */ = {isa = PBXBuildFile; fileRef = 22D7B2C91CB78CBF00C5A79D /* HMPhoto.m */; };
		22D7B3331CB7A50F00C5A79D /* MJExtensionConst.m in Sources */ = {isa = PBXBuildFile; fileRef = 22D7B3201CB7A50F00C5A79D /* MJExtensionConst.m */; };
		22D7B3341CB7A50F00C5A79D /* MJFoundation.m in Sources */ = {isa = PBXBuildFile; fileRef = 22D7B3221CB7A50F00C5A79D /* MJFoundation.m */; };
		22D7B3351CB7A50F00C5A79D /* MJProperty.m in Sources */ = {isa = PBXBuildFile; fileRef = 22D7B3241CB7A50F00C5A79D /* MJProperty.m */; };
		22D7B3361CB7A50F00C5A79D /* MJPropertyKey.m in Sources */ = {isa = PBXBuildFile; fileRef = 22D7B3261CB7A50F00C5A79D /* MJPropertyKey.m */; };
		22D7B3371CB7A50F00C5A79D /* MJPropertyType.m in Sources */ = {isa = PBXBuildFile; fileRef = 22D7B3281CB7A50F00C5A79D /* MJPropertyType.m */; };
		22D7B3381CB7A50F00C5A79D /* NSObject+MJClass.m in Sources */ = {isa = PBXBuildFile; fileRef = 22D7B32A1CB7A50F00C5A79D /* NSObject+MJClass.m */; };
		22D7B3391CB7A50F00C5A79D /* NSObject+MJCoding.m in Sources */ = {isa = PBXBuildFile; fileRef = 22D7B32C1CB7A50F00C5A79D /* NSObject+MJCoding.m */; };
		22D7B33A1CB7A50F00C5A79D /* NSObject+MJKeyValue.m in Sources */ = {isa = PBXBuildFile; fileRef = 22D7B32E1CB7A50F00C5A79D /* NSObject+MJKeyValue.m */; };
		22D7B33B1CB7A50F00C5A79D /* NSObject+MJProperty.m in Sources */ = {isa = PBXBuildFile; fileRef = 22D7B3301CB7A50F00C5A79D /* NSObject+MJProperty.m */; };
		22D7B33C1CB7A50F00C5A79D /* NSString+MJExtension.m in Sources */ = {isa = PBXBuildFile; fileRef = 22D7B3321CB7A50F00C5A79D /* NSString+MJExtension.m */; };
		22D7B3461CB89F3900C5A79D /* HMLoadMoreFooter.xib in Resources */ = {isa = PBXBuildFile; fileRef = 22D7B3451CB89F3900C5A79D /* HMLoadMoreFooter.xib */; };
		22D7B3491CB8A44100C5A79D /* HMLoadMoreFooter.m in Sources */ = {isa = PBXBuildFile; fileRef = 22D7B3481CB8A44100C5A79D /* HMLoadMoreFooter.m */; };
		22D7B34C1CB8D7E000C5A79D /* HMTextView.m in Sources */ = {isa = PBXBuildFile; fileRef = 22D7B34B1CB8D7E000C5A79D /* HMTextView.m */; };
		22D7B34F1CB8FB8200C5A79D /* HMComposeToolBar.m in Sources */ = {isa = PBXBuildFile; fileRef = 22D7B34E1CB8FB8200C5A79D /* HMComposeToolBar.m */; };
		22D7B3521CB93BF000C5A79D /* HMComposePhotosView.m in Sources */ = {isa = PBXBuildFile; fileRef = 22D7B3511CB93BF000C5A79D /* HMComposePhotosView.m */; };
		22D7B3551CB9D51D00C5A79D /* HMTitleButton.m in Sources */ = {isa = PBXBuildFile; fileRef = 22D7B3541CB9D51D00C5A79D /* HMTitleButton.m */; };
		22D7B3581CB9E23E00C5A79D /* HMHttpTool.m in Sources */ = {isa = PBXBuildFile; fileRef = 22D7B3571CB9E23E00C5A79D /* HMHttpTool.m */; };
/* End PBXBuildFile section */

/* Begin PBXFileReference section */
		22B3C9A11CB3D46000EA00FA /* 猫头鹰助理.app */ = {isa = PBXFileReference; explicitFileType = wrapper.application; includeInIndex = 0; path = "猫头鹰助理.app"; sourceTree = BUILT_PRODUCTS_DIR; };
		22B3C9B51CB3D46000EA00FA /* Info.plist */ = {isa = PBXFileReference; lastKnownFileType = text.plist.xml; path = Info.plist; sourceTree = "<group>"; };
		22B3C9D31CB4A41000EA00FA /* HMDiscoverViewController.h */ = {isa = PBXFileReference; fileEncoding = 4; lastKnownFileType = sourcecode.c.h; path = HMDiscoverViewController.h; sourceTree = "<group>"; };
		22B3C9D41CB4A41000EA00FA /* HMDiscoverViewController.m */ = {isa = PBXFileReference; fileEncoding = 4; lastKnownFileType = sourcecode.c.objc; path = HMDiscoverViewController.m; sourceTree = "<group>"; };
		22B3C9D91CB4A41000EA00FA /* HMHomeViewController.h */ = {isa = PBXFileReference; fileEncoding = 4; lastKnownFileType = sourcecode.c.h; path = HMHomeViewController.h; sourceTree = "<group>"; };
		22B3C9DA1CB4A41000EA00FA /* HMHomeViewController.m */ = {isa = PBXFileReference; fileEncoding = 4; lastKnownFileType = sourcecode.c.objc; path = HMHomeViewController.m; sourceTree = "<group>"; };
		22B3C9DF1CB4A41000EA00FA /* HMImageTool.h */ = {isa = PBXFileReference; fileEncoding = 4; lastKnownFileType = sourcecode.c.h; path = HMImageTool.h; sourceTree = "<group>"; };
		22B3C9E01CB4A41000EA00FA /* HMImageTool.m */ = {isa = PBXFileReference; fileEncoding = 4; lastKnownFileType = sourcecode.c.objc; path = HMImageTool.m; sourceTree = "<group>"; };
		22B3C9E21CB4A41000EA00FA /* HMTabBarViewController.h */ = {isa = PBXFileReference; fileEncoding = 4; lastKnownFileType = sourcecode.c.h; path = HMTabBarViewController.h; sourceTree = "<group>"; };
		22B3C9E31CB4A41000EA00FA /* HMTabBarViewController.m */ = {isa = PBXFileReference; fileEncoding = 4; lastKnownFileType = sourcecode.c.objc; path = HMTabBarViewController.m; sourceTree = "<group>"; };
		22B3C9E61CB4A41000EA00FA /* AppDelegate.h */ = {isa = PBXFileReference; fileEncoding = 4; lastKnownFileType = sourcecode.c.h; path = AppDelegate.h; sourceTree = "<group>"; };
		22B3C9E71CB4A41000EA00FA /* AppDelegate.m */ = {isa = PBXFileReference; fileEncoding = 4; lastKnownFileType = sourcecode.c.objc; path = AppDelegate.m; sourceTree = "<group>"; };
		22B3C9E81CB4A41000EA00FA /* main.m */ = {isa = PBXFileReference; fileEncoding = 4; lastKnownFileType = sourcecode.c.objc; path = main.m; sourceTree = "<group>"; };
		22B3C9EC1CB4A41000EA00FA /* HMMessageViewController.h */ = {isa = PBXFileReference; fileEncoding = 4; lastKnownFileType = sourcecode.c.h; path = HMMessageViewController.h; sourceTree = "<group>"; };
		22B3C9ED1CB4A41000EA00FA /* HMMessageViewController.m */ = {isa = PBXFileReference; fileEncoding = 4; lastKnownFileType = sourcecode.c.objc; path = HMMessageViewController.m; sourceTree = "<group>"; };
		22B3C9F21CB4A41000EA00FA /* HMProfileTableViewController.h */ = {isa = PBXFileReference; fileEncoding = 4; lastKnownFileType = sourcecode.c.h; path = HMProfileTableViewController.h; sourceTree = "<group>"; };
		22B3C9F31CB4A41000EA00FA /* HMProfileTableViewController.m */ = {isa = PBXFileReference; fileEncoding = 4; lastKnownFileType = sourcecode.c.objc; path = HMProfileTableViewController.m; sourceTree = "<group>"; };
		22CF1A781CB4AB1900EFAC7A /* HMNavigationController.h */ = {isa = PBXFileReference; fileEncoding = 4; lastKnownFileType = sourcecode.c.h; path = HMNavigationController.h; sourceTree = "<group>"; };
		22CF1A791CB4AB1900EFAC7A /* HMNavigationController.m */ = {isa = PBXFileReference; fileEncoding = 4; lastKnownFileType = sourcecode.c.objc; path = HMNavigationController.m; sourceTree = "<group>"; };
		22CF1A7B1CB4B8D000EFAC7A /* UIBarButtonItem+Extension.h */ = {isa = PBXFileReference; fileEncoding = 4; lastKnownFileType = sourcecode.c.h; path = "UIBarButtonItem+Extension.h"; sourceTree = "<group>"; };
		22CF1A7C1CB4B8D000EFAC7A /* UIBarButtonItem+Extension.m */ = {isa = PBXFileReference; fileEncoding = 4; lastKnownFileType = sourcecode.c.objc; path = "UIBarButtonItem+Extension.m"; sourceTree = "<group>"; };
		22CF1A7D1CB4B8D000EFAC7A /* UIImage+Extension.h */ = {isa = PBXFileReference; fileEncoding = 4; lastKnownFileType = sourcecode.c.h; path = "UIImage+Extension.h"; sourceTree = "<group>"; };
		22CF1A7E1CB4B8D000EFAC7A /* UIImage+Extension.m */ = {isa = PBXFileReference; fileEncoding = 4; lastKnownFileType = sourcecode.c.objc; path = "UIImage+Extension.m"; sourceTree = "<group>"; };
		22CF1A7F1CB4B8D000EFAC7A /* UIView+Extension.h */ = {isa = PBXFileReference; fileEncoding = 4; lastKnownFileType = sourcecode.c.h; path = "UIView+Extension.h"; sourceTree = "<group>"; };
		22CF1A801CB4B8D000EFAC7A /* UIView+Extension.m */ = {isa = PBXFileReference; fileEncoding = 4; lastKnownFileType = sourcecode.c.objc; path = "UIView+Extension.m"; sourceTree = "<group>"; };
		22CF1A841CB4BD4800EFAC7A /* HMGlobal.h */ = {isa = PBXFileReference; fileEncoding = 4; lastKnownFileType = sourcecode.c.h; path = HMGlobal.h; sourceTree = "<group>"; };
		22CF1A851CB4BD4800EFAC7A /* HMGlobal.m */ = {isa = PBXFileReference; fileEncoding = 4; lastKnownFileType = sourcecode.c.objc; path = HMGlobal.m; sourceTree = "<group>"; };
		22CF1A871CB51D6E00EFAC7A /* HMSearchBar.h */ = {isa = PBXFileReference; fileEncoding = 4; lastKnownFileType = sourcecode.c.h; path = HMSearchBar.h; sourceTree = "<group>"; };
		22CF1A881CB51D6E00EFAC7A /* HMSearchBar.m */ = {isa = PBXFileReference; fileEncoding = 4; lastKnownFileType = sourcecode.c.objc; path = HMSearchBar.m; sourceTree = "<group>"; };
		22CF1A8D1CB5374600EFAC7A /* HMTabBar.h */ = {isa = PBXFileReference; fileEncoding = 4; lastKnownFileType = sourcecode.c.h; path = HMTabBar.h; sourceTree = "<group>"; };
		22CF1A8E1CB5374600EFAC7A /* HMTabBar.m */ = {isa = PBXFileReference; fileEncoding = 4; lastKnownFileType = sourcecode.c.objc; path = HMTabBar.m; sourceTree = "<group>"; };
		22CF1A941CB5F27300EFAC7A /* HMComposeViewController.h */ = {isa = PBXFileReference; fileEncoding = 4; lastKnownFileType = sourcecode.c.h; path = HMComposeViewController.h; sourceTree = "<group>"; };
		22CF1A951CB5F27300EFAC7A /* HMComposeViewController.m */ = {isa = PBXFileReference; fileEncoding = 4; lastKnownFileType = sourcecode.c.objc; path = HMComposeViewController.m; sourceTree = "<group>"; };
		22CF1A9B1CB6005600EFAC7A /* HMNewfeatureViewController.h */ = {isa = PBXFileReference; fileEncoding = 4; lastKnownFileType = sourcecode.c.h; path = HMNewfeatureViewController.h; sourceTree = "<group>"; };
		22CF1A9C1CB6005600EFAC7A /* HMNewfeatureViewController.m */ = {isa = PBXFileReference; fileEncoding = 4; lastKnownFileType = sourcecode.c.objc; path = HMNewfeatureViewController.m; sourceTree = "<group>"; };
		22D7B25C1CB67FEC00C5A79D /* AFHTTPRequestOperation.h */ = {isa = PBXFileReference; fileEncoding = 4; lastKnownFileType = sourcecode.c.h; path = AFHTTPRequestOperation.h; sourceTree = "<group>"; };
		22D7B25D1CB67FEC00C5A79D /* AFHTTPRequestOperation.m */ = {isa = PBXFileReference; fileEncoding = 4; lastKnownFileType = sourcecode.c.objc; path = AFHTTPRequestOperation.m; sourceTree = "<group>"; };
		22D7B25E1CB67FEC00C5A79D /* AFHTTPRequestOperationManager.h */ = {isa = PBXFileReference; fileEncoding = 4; lastKnownFileType = sourcecode.c.h; path = AFHTTPRequestOperationManager.h; sourceTree = "<group>"; };
		22D7B25F1CB67FEC00C5A79D /* AFHTTPRequestOperationManager.m */ = {isa = PBXFileReference; fileEncoding = 4; lastKnownFileType = sourcecode.c.objc; path = AFHTTPRequestOperationManager.m; sourceTree = "<group>"; };
		22D7B2601CB67FEC00C5A79D /* AFHTTPSessionManager.h */ = {isa = PBXFileReference; fileEncoding = 4; lastKnownFileType = sourcecode.c.h; path = AFHTTPSessionManager.h; sourceTree = "<group>"; };
		22D7B2611CB67FEC00C5A79D /* AFHTTPSessionManager.m */ = {isa = PBXFileReference; fileEncoding = 4; lastKnownFileType = sourcecode.c.objc; path = AFHTTPSessionManager.m; sourceTree = "<group>"; };
		22D7B2621CB67FEC00C5A79D /* AFNetworking.h */ = {isa = PBXFileReference; fileEncoding = 4; lastKnownFileType = sourcecode.c.h; path = AFNetworking.h; sourceTree = "<group>"; };
		22D7B2631CB67FEC00C5A79D /* AFNetworkReachabilityManager.h */ = {isa = PBXFileReference; fileEncoding = 4; lastKnownFileType = sourcecode.c.h; path = AFNetworkReachabilityManager.h; sourceTree = "<group>"; };
		22D7B2641CB67FEC00C5A79D /* AFNetworkReachabilityManager.m */ = {isa = PBXFileReference; fileEncoding = 4; lastKnownFileType = sourcecode.c.objc; path = AFNetworkReachabilityManager.m; sourceTree = "<group>"; };
		22D7B2651CB67FEC00C5A79D /* AFSecurityPolicy.h */ = {isa = PBXFileReference; fileEncoding = 4; lastKnownFileType = sourcecode.c.h; path = AFSecurityPolicy.h; sourceTree = "<group>"; };
		22D7B2661CB67FEC00C5A79D /* AFSecurityPolicy.m */ = {isa = PBXFileReference; fileEncoding = 4; lastKnownFileType = sourcecode.c.objc; path = AFSecurityPolicy.m; sourceTree = "<group>"; };
		22D7B2671CB67FEC00C5A79D /* AFURLConnectionOperation.h */ = {isa = PBXFileReference; fileEncoding = 4; lastKnownFileType = sourcecode.c.h; path = AFURLConnectionOperation.h; sourceTree = "<group>"; };
		22D7B2681CB67FEC00C5A79D /* AFURLConnectionOperation.m */ = {isa = PBXFileReference; fileEncoding = 4; lastKnownFileType = sourcecode.c.objc; path = AFURLConnectionOperation.m; sourceTree = "<group>"; };
		22D7B2691CB67FEC00C5A79D /* AFURLRequestSerialization.h */ = {isa = PBXFileReference; fileEncoding = 4; lastKnownFileType = sourcecode.c.h; path = AFURLRequestSerialization.h; sourceTree = "<group>"; };
		22D7B26A1CB67FEC00C5A79D /* AFURLRequestSerialization.m */ = {isa = PBXFileReference; fileEncoding = 4; lastKnownFileType = sourcecode.c.objc; path = AFURLRequestSerialization.m; sourceTree = "<group>"; };
		22D7B26B1CB67FEC00C5A79D /* AFURLResponseSerialization.h */ = {isa = PBXFileReference; fileEncoding = 4; lastKnownFileType = sourcecode.c.h; path = AFURLResponseSerialization.h; sourceTree = "<group>"; };
		22D7B26C1CB67FEC00C5A79D /* AFURLResponseSerialization.m */ = {isa = PBXFileReference; fileEncoding = 4; lastKnownFileType = sourcecode.c.objc; path = AFURLResponseSerialization.m; sourceTree = "<group>"; };
		22D7B26D1CB67FEC00C5A79D /* AFURLSessionManager.h */ = {isa = PBXFileReference; fileEncoding = 4; lastKnownFileType = sourcecode.c.h; path = AFURLSessionManager.h; sourceTree = "<group>"; };
		22D7B26E1CB67FEC00C5A79D /* AFURLSessionManager.m */ = {isa = PBXFileReference; fileEncoding = 4; lastKnownFileType = sourcecode.c.objc; path = AFURLSessionManager.m; sourceTree = "<group>"; };
		22D7B2701CB67FEC00C5A79D /* MBProgressHUD+MJ.h */ = {isa = PBXFileReference; fileEncoding = 4; lastKnownFileType = sourcecode.c.h; path = "MBProgressHUD+MJ.h"; sourceTree = "<group>"; };
		22D7B2711CB67FEC00C5A79D /* MBProgressHUD+MJ.m */ = {isa = PBXFileReference; fileEncoding = 4; lastKnownFileType = sourcecode.c.objc; path = "MBProgressHUD+MJ.m"; sourceTree = "<group>"; };
		22D7B2721CB67FEC00C5A79D /* MBProgressHUD.bundle */ = {isa = PBXFileReference; lastKnownFileType = "wrapper.plug-in"; path = MBProgressHUD.bundle; sourceTree = "<group>"; };
		22D7B2731CB67FEC00C5A79D /* MBProgressHUD.h */ = {isa = PBXFileReference; fileEncoding = 4; lastKnownFileType = sourcecode.c.h; path = MBProgressHUD.h; sourceTree = "<group>"; };
		22D7B2741CB67FEC00C5A79D /* MBProgressHUD.m */ = {isa = PBXFileReference; fileEncoding = 4; lastKnownFileType = sourcecode.c.objc; path = MBProgressHUD.m; sourceTree = "<group>"; };
		22D7B2831CB6803D00C5A79D /* HMOAuthViewController.h */ = {isa = PBXFileReference; fileEncoding = 4; lastKnownFileType = sourcecode.c.h; path = HMOAuthViewController.h; sourceTree = "<group>"; };
		22D7B2841CB6803D00C5A79D /* HMOAuthViewController.m */ = {isa = PBXFileReference; fileEncoding = 4; lastKnownFileType = sourcecode.c.objc; path = HMOAuthViewController.m; sourceTree = "<group>"; };
		22D7B2881CB6A46000C5A79D /* HMAccount.h */ = {isa = PBXFileReference; fileEncoding = 4; lastKnownFileType = sourcecode.c.h; path = HMAccount.h; sourceTree = "<group>"; };
		22D7B2891CB6A46000C5A79D /* HMAccount.m */ = {isa = PBXFileReference; fileEncoding = 4; lastKnownFileType = sourcecode.c.objc; path = HMAccount.m; sourceTree = "<group>"; };
		22D7B28C1CB7298100C5A79D /* HMAccountTool.h */ = {isa = PBXFileReference; fileEncoding = 4; lastKnownFileType = sourcecode.c.h; path = HMAccountTool.h; sourceTree = "<group>"; };
		22D7B28D1CB7298100C5A79D /* HMAccountTool.m */ = {isa = PBXFileReference; fileEncoding = 4; lastKnownFileType = sourcecode.c.objc; path = HMAccountTool.m; sourceTree = "<group>"; };
		22D7B28F1CB7598F00C5A79D /* Foundation+Log.m */ = {isa = PBXFileReference; fileEncoding = 4; lastKnownFileType = sourcecode.c.objc; path = "Foundation+Log.m"; sourceTree = "<group>"; };
		22D7B2921CB7601D00C5A79D /* MKAnnotationView+WebCache.h */ = {isa = PBXFileReference; fileEncoding = 4; lastKnownFileType = sourcecode.c.h; path = "MKAnnotationView+WebCache.h"; sourceTree = "<group>"; };
		22D7B2931CB7601D00C5A79D /* MKAnnotationView+WebCache.m */ = {isa = PBXFileReference; fileEncoding = 4; lastKnownFileType = sourcecode.c.objc; path = "MKAnnotationView+WebCache.m"; sourceTree = "<group>"; };
		22D7B2941CB7601D00C5A79D /* NSData+ImageContentType.h */ = {isa = PBXFileReference; fileEncoding = 4; lastKnownFileType = sourcecode.c.h; path = "NSData+ImageContentType.h"; sourceTree = "<group>"; };
		22D7B2951CB7601D00C5A79D /* NSData+ImageContentType.m */ = {isa = PBXFileReference; fileEncoding = 4; lastKnownFileType = sourcecode.c.objc; path = "NSData+ImageContentType.m"; sourceTree = "<group>"; };
		22D7B2961CB7601D00C5A79D /* SDImageCache.h */ = {isa = PBXFileReference; fileEncoding = 4; lastKnownFileType = sourcecode.c.h; path = SDImageCache.h; sourceTree = "<group>"; };
		22D7B2971CB7601D00C5A79D /* SDImageCache.m */ = {isa = PBXFileReference; fileEncoding = 4; lastKnownFileType = sourcecode.c.objc; path = SDImageCache.m; sourceTree = "<group>"; };
		22D7B2981CB7601D00C5A79D /* SDWebImageCompat.h */ = {isa = PBXFileReference; fileEncoding = 4; lastKnownFileType = sourcecode.c.h; path = SDWebImageCompat.h; sourceTree = "<group>"; };
		22D7B2991CB7601D00C5A79D /* SDWebImageCompat.m */ = {isa = PBXFileReference; fileEncoding = 4; lastKnownFileType = sourcecode.c.objc; path = SDWebImageCompat.m; sourceTree = "<group>"; };
		22D7B29A1CB7601D00C5A79D /* SDWebImageDecoder.h */ = {isa = PBXFileReference; fileEncoding = 4; lastKnownFileType = sourcecode.c.h; path = SDWebImageDecoder.h; sourceTree = "<group>"; };
		22D7B29B1CB7601D00C5A79D /* SDWebImageDecoder.m */ = {isa = PBXFileReference; fileEncoding = 4; lastKnownFileType = sourcecode.c.objc; path = SDWebImageDecoder.m; sourceTree = "<group>"; };
		22D7B29C1CB7601D00C5A79D /* SDWebImageDownloader.h */ = {isa = PBXFileReference; fileEncoding = 4; lastKnownFileType = sourcecode.c.h; path = SDWebImageDownloader.h; sourceTree = "<group>"; };
		22D7B29D1CB7601D00C5A79D /* SDWebImageDownloader.m */ = {isa = PBXFileReference; fileEncoding = 4; lastKnownFileType = sourcecode.c.objc; path = SDWebImageDownloader.m; sourceTree = "<group>"; };
		22D7B29E1CB7601D00C5A79D /* SDWebImageDownloaderOperation.h */ = {isa = PBXFileReference; fileEncoding = 4; lastKnownFileType = sourcecode.c.h; path = SDWebImageDownloaderOperation.h; sourceTree = "<group>"; };
		22D7B29F1CB7601D00C5A79D /* SDWebImageDownloaderOperation.m */ = {isa = PBXFileReference; fileEncoding = 4; lastKnownFileType = sourcecode.c.objc; path = SDWebImageDownloaderOperation.m; sourceTree = "<group>"; };
		22D7B2A01CB7601D00C5A79D /* SDWebImageManager.h */ = {isa = PBXFileReference; fileEncoding = 4; lastKnownFileType = sourcecode.c.h; path = SDWebImageManager.h; sourceTree = "<group>"; };
		22D7B2A11CB7601D00C5A79D /* SDWebImageManager.m */ = {isa = PBXFileReference; fileEncoding = 4; lastKnownFileType = sourcecode.c.objc; path = SDWebImageManager.m; sourceTree = "<group>"; };
		22D7B2A21CB7601D00C5A79D /* SDWebImageOperation.h */ = {isa = PBXFileReference; fileEncoding = 4; lastKnownFileType = sourcecode.c.h; path = SDWebImageOperation.h; sourceTree = "<group>"; };
		22D7B2A31CB7601D00C5A79D /* SDWebImagePrefetcher.h */ = {isa = PBXFileReference; fileEncoding = 4; lastKnownFileType = sourcecode.c.h; path = SDWebImagePrefetcher.h; sourceTree = "<group>"; };
		22D7B2A41CB7601D00C5A79D /* SDWebImagePrefetcher.m */ = {isa = PBXFileReference; fileEncoding = 4; lastKnownFileType = sourcecode.c.objc; path = SDWebImagePrefetcher.m; sourceTree = "<group>"; };
		22D7B2A51CB7601D00C5A79D /* UIButton+WebCache.h */ = {isa = PBXFileReference; fileEncoding = 4; lastKnownFileType = sourcecode.c.h; path = "UIButton+WebCache.h"; sourceTree = "<group>"; };
		22D7B2A61CB7601D00C5A79D /* UIButton+WebCache.m */ = {isa = PBXFileReference; fileEncoding = 4; lastKnownFileType = sourcecode.c.objc; path = "UIButton+WebCache.m"; sourceTree = "<group>"; };
		22D7B2A71CB7601D00C5A79D /* UIImage+GIF.h */ = {isa = PBXFileReference; fileEncoding = 4; lastKnownFileType = sourcecode.c.h; path = "UIImage+GIF.h"; sourceTree = "<group>"; };
		22D7B2A81CB7601D00C5A79D /* UIImage+GIF.m */ = {isa = PBXFileReference; fileEncoding = 4; lastKnownFileType = sourcecode.c.objc; path = "UIImage+GIF.m"; sourceTree = "<group>"; };
		22D7B2A91CB7601D00C5A79D /* UIImage+MultiFormat.h */ = {isa = PBXFileReference; fileEncoding = 4; lastKnownFileType = sourcecode.c.h; path = "UIImage+MultiFormat.h"; sourceTree = "<group>"; };
		22D7B2AA1CB7601D00C5A79D /* UIImage+MultiFormat.m */ = {isa = PBXFileReference; fileEncoding = 4; lastKnownFileType = sourcecode.c.objc; path = "UIImage+MultiFormat.m"; sourceTree = "<group>"; };
		22D7B2AB1CB7601D00C5A79D /* UIImage+WebP.h */ = {isa = PBXFileReference; fileEncoding = 4; lastKnownFileType = sourcecode.c.h; path = "UIImage+WebP.h"; sourceTree = "<group>"; };
		22D7B2AC1CB7601D00C5A79D /* UIImage+WebP.m */ = {isa = PBXFileReference; fileEncoding = 4; lastKnownFileType = sourcecode.c.objc; path = "UIImage+WebP.m"; sourceTree = "<group>"; };
		22D7B2AD1CB7601D00C5A79D /* UIImageView+HighlightedWebCache.h */ = {isa = PBXFileReference; fileEncoding = 4; lastKnownFileType = sourcecode.c.h; path = "UIImageView+HighlightedWebCache.h"; sourceTree = "<group>"; };
		22D7B2AE1CB7601D00C5A79D /* UIImageView+HighlightedWebCache.m */ = {isa = PBXFileReference; fileEncoding = 4; lastKnownFileType = sourcecode.c.objc; path = "UIImageView+HighlightedWebCache.m"; sourceTree = "<group>"; };
		22D7B2AF1CB7601D00C5A79D /* UIImageView+WebCache.h */ = {isa = PBXFileReference; fileEncoding = 4; lastKnownFileType = sourcecode.c.h; path = "UIImageView+WebCache.h"; sourceTree = "<group>"; };
		22D7B2B01CB7601D00C5A79D /* UIImageView+WebCache.m */ = {isa = PBXFileReference; fileEncoding = 4; lastKnownFileType = sourcecode.c.objc; path = "UIImageView+WebCache.m"; sourceTree = "<group>"; };
		22D7B2C01CB7614200C5A79D /* Assets.xcassets */ = {isa = PBXFileReference; lastKnownFileType = folder.assetcatalog; path = Assets.xcassets; sourceTree = "<group>"; };
		22D7B2C21CB7889000C5A79D /* HMUser.h */ = {isa = PBXFileReference; fileEncoding = 4; lastKnownFileType = sourcecode.c.h; name = HMUser.h; path = "OD01/Classes/Main（主要）/Tool/HMUser.h"; sourceTree = SOURCE_ROOT; };
		22D7B2C31CB7889000C5A79D /* HMUser.m */ = {isa = PBXFileReference; fileEncoding = 4; lastKnownFileType = sourcecode.c.objc; name = HMUser.m; path = "OD01/Classes/Main（主要）/Tool/HMUser.m"; sourceTree = SOURCE_ROOT; };
		22D7B2C51CB78AB100C5A79D /* HMStatus.h */ = {isa = PBXFileReference; fileEncoding = 4; lastKnownFileType = sourcecode.c.h; name = HMStatus.h; path = "OD01/Classes/Main（主要）/Tool/HMStatus.h"; sourceTree = SOURCE_ROOT; };
		22D7B2C61CB78AB100C5A79D /* HMStatus.m */ = {isa = PBXFileReference; fileEncoding = 4; lastKnownFileType = sourcecode.c.objc; name = HMStatus.m; path = "OD01/Classes/Main（主要）/Tool/HMStatus.m"; sourceTree = SOURCE_ROOT; };
		22D7B2C81CB78CBF00C5A79D /* HMPhoto.h */ = {isa = PBXFileReference; fileEncoding = 4; lastKnownFileType = sourcecode.c.h; name = HMPhoto.h; path = "OD01/Classes/Main（主要）/Tool/HMPhoto.h"; sourceTree = SOURCE_ROOT; };
		22D7B2C91CB78CBF00C5A79D /* HMPhoto.m */ = {isa = PBXFileReference; fileEncoding = 4; lastKnownFileType = sourcecode.c.objc; name = HMPhoto.m; path = "OD01/Classes/Main（主要）/Tool/HMPhoto.m"; sourceTree = SOURCE_ROOT; };
		22D7B31E1CB7A50F00C5A79D /* MJExtension.h */ = {isa = PBXFileReference; fileEncoding = 4; lastKnownFileType = sourcecode.c.h; path = MJExtension.h; sourceTree = "<group>"; };
		22D7B31F1CB7A50F00C5A79D /* MJExtensionConst.h */ = {isa = PBXFileReference; fileEncoding = 4; lastKnownFileType = sourcecode.c.h; path = MJExtensionConst.h; sourceTree = "<group>"; };
		22D7B3201CB7A50F00C5A79D /* MJExtensionConst.m */ = {isa = PBXFileReference; fileEncoding = 4; lastKnownFileType = sourcecode.c.objc; path = MJExtensionConst.m; sourceTree = "<group>"; };
		22D7B3211CB7A50F00C5A79D /* MJFoundation.h */ = {isa = PBXFileReference; fileEncoding = 4; lastKnownFileType = sourcecode.c.h; path = MJFoundation.h; sourceTree = "<group>"; };
		22D7B3221CB7A50F00C5A79D /* MJFoundation.m */ = {isa = PBXFileReference; fileEncoding = 4; lastKnownFileType = sourcecode.c.objc; path = MJFoundation.m; sourceTree = "<group>"; };
		22D7B3231CB7A50F00C5A79D /* MJProperty.h */ = {isa = PBXFileReference; fileEncoding = 4; lastKnownFileType = sourcecode.c.h; path = MJProperty.h; sourceTree = "<group>"; };
		22D7B3241CB7A50F00C5A79D /* MJProperty.m */ = {isa = PBXFileReference; fileEncoding = 4; lastKnownFileType = sourcecode.c.objc; path = MJProperty.m; sourceTree = "<group>"; };
		22D7B3251CB7A50F00C5A79D /* MJPropertyKey.h */ = {isa = PBXFileReference; fileEncoding = 4; lastKnownFileType = sourcecode.c.h; path = MJPropertyKey.h; sourceTree = "<group>"; };
		22D7B3261CB7A50F00C5A79D /* MJPropertyKey.m */ = {isa = PBXFileReference; fileEncoding = 4; lastKnownFileType = sourcecode.c.objc; path = MJPropertyKey.m; sourceTree = "<group>"; };
		22D7B3271CB7A50F00C5A79D /* MJPropertyType.h */ = {isa = PBXFileReference; fileEncoding = 4; lastKnownFileType = sourcecode.c.h; path = MJPropertyType.h; sourceTree = "<group>"; };
		22D7B3281CB7A50F00C5A79D /* MJPropertyType.m */ = {isa = PBXFileReference; fileEncoding = 4; lastKnownFileType = sourcecode.c.objc; path = MJPropertyType.m; sourceTree = "<group>"; };
		22D7B3291CB7A50F00C5A79D /* NSObject+MJClass.h */ = {isa = PBXFileReference; fileEncoding = 4; lastKnownFileType = sourcecode.c.h; path = "NSObject+MJClass.h"; sourceTree = "<group>"; };
		22D7B32A1CB7A50F00C5A79D /* NSObject+MJClass.m */ = {isa = PBXFileReference; fileEncoding = 4; lastKnownFileType = sourcecode.c.objc; path = "NSObject+MJClass.m"; sourceTree = "<group>"; };
		22D7B32B1CB7A50F00C5A79D /* NSObject+MJCoding.h */ = {isa = PBXFileReference; fileEncoding = 4; lastKnownFileType = sourcecode.c.h; path = "NSObject+MJCoding.h"; sourceTree = "<group>"; };
		22D7B32C1CB7A50F00C5A79D /* NSObject+MJCoding.m */ = {isa = PBXFileReference; fileEncoding = 4; lastKnownFileType = sourcecode.c.objc; path = "NSObject+MJCoding.m"; sourceTree = "<group>"; };
		22D7B32D1CB7A50F00C5A79D /* NSObject+MJKeyValue.h */ = {isa = PBXFileReference; fileEncoding = 4; lastKnownFileType = sourcecode.c.h; path = "NSObject+MJKeyValue.h"; sourceTree = "<group>"; };
		22D7B32E1CB7A50F00C5A79D /* NSObject+MJKeyValue.m */ = {isa = PBXFileReference; fileEncoding = 4; lastKnownFileType = sourcecode.c.objc; path = "NSObject+MJKeyValue.m"; sourceTree = "<group>"; };
		22D7B32F1CB7A50F00C5A79D /* NSObject+MJProperty.h */ = {isa = PBXFileReference; fileEncoding = 4; lastKnownFileType = sourcecode.c.h; path = "NSObject+MJProperty.h"; sourceTree = "<group>"; };
		22D7B3301CB7A50F00C5A79D /* NSObject+MJProperty.m */ = {isa = PBXFileReference; fileEncoding = 4; lastKnownFileType = sourcecode.c.objc; path = "NSObject+MJProperty.m"; sourceTree = "<group>"; };
		22D7B3311CB7A50F00C5A79D /* NSString+MJExtension.h */ = {isa = PBXFileReference; fileEncoding = 4; lastKnownFileType = sourcecode.c.h; path = "NSString+MJExtension.h"; sourceTree = "<group>"; };
		22D7B3321CB7A50F00C5A79D /* NSString+MJExtension.m */ = {isa = PBXFileReference; fileEncoding = 4; lastKnownFileType = sourcecode.c.objc; path = "NSString+MJExtension.m"; sourceTree = "<group>"; };
		22D7B3451CB89F3900C5A79D /* HMLoadMoreFooter.xib */ = {isa = PBXFileReference; fileEncoding = 4; lastKnownFileType = file.xib; path = HMLoadMoreFooter.xib; sourceTree = "<group>"; };
		22D7B3471CB8A44100C5A79D /* HMLoadMoreFooter.h */ = {isa = PBXFileReference; fileEncoding = 4; lastKnownFileType = sourcecode.c.h; path = HMLoadMoreFooter.h; sourceTree = "<group>"; };
		22D7B3481CB8A44100C5A79D /* HMLoadMoreFooter.m */ = {isa = PBXFileReference; fileEncoding = 4; lastKnownFileType = sourcecode.c.objc; path = HMLoadMoreFooter.m; sourceTree = "<group>"; };
		22D7B34A1CB8D7E000C5A79D /* HMTextView.h */ = {isa = PBXFileReference; fileEncoding = 4; lastKnownFileType = sourcecode.c.h; name = HMTextView.h; path = "OD01/Classes/Home（首页）/View/HMTextView.h"; sourceTree = SOURCE_ROOT; };
		22D7B34B1CB8D7E000C5A79D /* HMTextView.m */ = {isa = PBXFileReference; fileEncoding = 4; lastKnownFileType = sourcecode.c.objc; name = HMTextView.m; path = "OD01/Classes/Home（首页）/View/HMTextView.m"; sourceTree = SOURCE_ROOT; };
		22D7B34D1CB8FB8200C5A79D /* HMComposeToolBar.h */ = {isa = PBXFileReference; fileEncoding = 4; lastKnownFileType = sourcecode.c.h; name = HMComposeToolBar.h; path = "OD01/Classes/Home（首页）/View/HMComposeToolBar.h"; sourceTree = SOURCE_ROOT; };
		22D7B34E1CB8FB8200C5A79D /* HMComposeToolBar.m */ = {isa = PBXFileReference; fileEncoding = 4; lastKnownFileType = sourcecode.c.objc; name = HMComposeToolBar.m; path = "OD01/Classes/Home（首页）/View/HMComposeToolBar.m"; sourceTree = SOURCE_ROOT; };
		22D7B3501CB93BF000C5A79D /* HMComposePhotosView.h */ = {isa = PBXFileReference; fileEncoding = 4; lastKnownFileType = sourcecode.c.h; name = HMComposePhotosView.h; path = "OD01/Classes/Home（首页）/View/HMComposePhotosView.h"; sourceTree = SOURCE_ROOT; };
		22D7B3511CB93BF000C5A79D /* HMComposePhotosView.m */ = {isa = PBXFileReference; fileEncoding = 4; lastKnownFileType = sourcecode.c.objc; name = HMComposePhotosView.m; path = "OD01/Classes/Home（首页）/View/HMComposePhotosView.m"; sourceTree = SOURCE_ROOT; };
		22D7B3531CB9D51D00C5A79D /* HMTitleButton.h */ = {isa = PBXFileReference; fileEncoding = 4; lastKnownFileType = sourcecode.c.h; path = HMTitleButton.h; sourceTree = "<group>"; };
		22D7B3541CB9D51D00C5A79D /* HMTitleButton.m */ = {isa = PBXFileReference; fileEncoding = 4; lastKnownFileType = sourcecode.c.objc; path = HMTitleButton.m; sourceTree = "<group>"; };
		22D7B3561CB9E23E00C5A79D /* HMHttpTool.h */ = {isa = PBXFileReference; fileEncoding = 4; lastKnownFileType = sourcecode.c.h; path = HMHttpTool.h; sourceTree = "<group>"; };
		22D7B3571CB9E23E00C5A79D /* HMHttpTool.m */ = {isa = PBXFileReference; fileEncoding = 4; lastKnownFileType = sourcecode.c.objc; path = HMHttpTool.m; sourceTree = "<group>"; };
/* End PBXFileReference section */

/* Begin PBXFrameworksBuildPhase section */
		22B3C99E1CB3D46000EA00FA /* Frameworks */ = {
			isa = PBXFrameworksBuildPhase;
			buildActionMask = 2147483647;
			files = (
			);
			runOnlyForDeploymentPostprocessing = 0;
		};
/* End PBXFrameworksBuildPhase section */

/* Begin PBXGroup section */
		22B3C9981CB3D46000EA00FA = {
			isa = PBXGroup;
			children = (
				22B3C9A31CB3D46000EA00FA /* OD01 */,
				22B3C9A21CB3D46000EA00FA /* Products */,
			);
			sourceTree = "<group>";
		};
		22B3C9A21CB3D46000EA00FA /* Products */ = {
			isa = PBXGroup;
			children = (
				22B3C9A11CB3D46000EA00FA /* 猫头鹰助理.app */,
			);
			name = Products;
			sourceTree = "<group>";
		};
		22B3C9A31CB3D46000EA00FA /* OD01 */ = {
			isa = PBXGroup;
			children = (
				22B3C9D01CB4A41000EA00FA /* Classes */,
				22B3C9B51CB3D46000EA00FA /* Info.plist */,
				22D7B2C01CB7614200C5A79D /* Assets.xcassets */,
				22B3C9A41CB3D46000EA00FA /* Supporting Files */,
			);
			path = OD01;
			sourceTree = "<group>";
		};
		22B3C9A41CB3D46000EA00FA /* Supporting Files */ = {
			isa = PBXGroup;
			children = (
			);
			name = "Supporting Files";
			sourceTree = "<group>";
		};
		22B3C9D01CB4A41000EA00FA /* Classes */ = {
			isa = PBXGroup;
			children = (
				22B3C9DD1CB4A41000EA00FA /* Main（主要） */,
				22B3C9D71CB4A41000EA00FA /* Home（首页） */,
				22CF1A901CB5F1E200EFAC7A /* Compose（发消息） */,
				22B3C9EA1CB4A41000EA00FA /* Message（消息） */,
				22B3C9D11CB4A41000EA00FA /* Discover（发现） */,
				22B3C9F01CB4A41000EA00FA /* Profile（我） */,
				22CF1A971CB6002500EFAC7A /* Newfeature(新特性) */,
				22D7B2811CB6803D00C5A79D /* OAuth(授权) */,
			);
			path = Classes;
			sourceTree = "<group>";
		};
		22B3C9D11CB4A41000EA00FA /* Discover（发现） */ = {
			isa = PBXGroup;
			children = (
				22B3C9D21CB4A41000EA00FA /* Controller */,
				22B3C9D51CB4A41000EA00FA /* Model */,
				22B3C9D61CB4A41000EA00FA /* View */,
			);
			path = "Discover（发现）";
			sourceTree = "<group>";
		};
		22B3C9D21CB4A41000EA00FA /* Controller */ = {
			isa = PBXGroup;
			children = (
				22B3C9D31CB4A41000EA00FA /* HMDiscoverViewController.h */,
				22B3C9D41CB4A41000EA00FA /* HMDiscoverViewController.m */,
			);
			path = Controller;
			sourceTree = "<group>";
		};
		22B3C9D51CB4A41000EA00FA /* Model */ = {
			isa = PBXGroup;
			children = (
			);
			path = Model;
			sourceTree = "<group>";
		};
		22B3C9D61CB4A41000EA00FA /* View */ = {
			isa = PBXGroup;
			children = (
				22CF1A871CB51D6E00EFAC7A /* HMSearchBar.h */,
				22CF1A881CB51D6E00EFAC7A /* HMSearchBar.m */,
			);
			path = View;
			sourceTree = "<group>";
		};
		22B3C9D71CB4A41000EA00FA /* Home（首页） */ = {
			isa = PBXGroup;
			children = (
				22B3C9D81CB4A41000EA00FA /* Controller */,
				22B3C9DB1CB4A41000EA00FA /* Model */,
				22B3C9DC1CB4A41000EA00FA /* View */,
			);
			path = "Home（首页）";
			sourceTree = "<group>";
		};
		22B3C9D81CB4A41000EA00FA /* Controller */ = {
			isa = PBXGroup;
			children = (
				22B3C9D91CB4A41000EA00FA /* HMHomeViewController.h */,
				22B3C9DA1CB4A41000EA00FA /* HMHomeViewController.m */,
			);
			path = Controller;
			sourceTree = "<group>";
		};
		22B3C9DB1CB4A41000EA00FA /* Model */ = {
			isa = PBXGroup;
			children = (
				22D7B2C21CB7889000C5A79D /* HMUser.h */,
				22D7B2C31CB7889000C5A79D /* HMUser.m */,
				22D7B2C51CB78AB100C5A79D /* HMStatus.h */,
				22D7B2C61CB78AB100C5A79D /* HMStatus.m */,
				22D7B2C81CB78CBF00C5A79D /* HMPhoto.h */,
				22D7B2C91CB78CBF00C5A79D /* HMPhoto.m */,
			);
			path = Model;
			sourceTree = "<group>";
		};
		22B3C9DC1CB4A41000EA00FA /* View */ = {
			isa = PBXGroup;
			children = (
				22D7B3451CB89F3900C5A79D /* HMLoadMoreFooter.xib */,
				22D7B3471CB8A44100C5A79D /* HMLoadMoreFooter.h */,
				22D7B3481CB8A44100C5A79D /* HMLoadMoreFooter.m */,
				22D7B3531CB9D51D00C5A79D /* HMTitleButton.h */,
				22D7B3541CB9D51D00C5A79D /* HMTitleButton.m */,
			);
			path = View;
			sourceTree = "<group>";
		};
		22B3C9DD1CB4A41000EA00FA /* Main（主要） */ = {
			isa = PBXGroup;
			children = (
				22D7B28B1CB7296700C5A79D /* Tool */,
				22D7B25A1CB67FEC00C5A79D /* Lib */,
				22B3C9DE1CB4A41000EA00FA /* Category */,
				22B3C9E11CB4A41000EA00FA /* Controller */,
				22B3C9E41CB4A41000EA00FA /* Model */,
				22B3C9E51CB4A41000EA00FA /* Other */,
				22B3C9E91CB4A41000EA00FA /* View */,
			);
			path = "Main（主要）";
			sourceTree = "<group>";
		};
		22B3C9DE1CB4A41000EA00FA /* Category */ = {
			isa = PBXGroup;
			children = (
				22D7B28F1CB7598F00C5A79D /* Foundation+Log.m */,
				22CF1A7B1CB4B8D000EFAC7A /* UIBarButtonItem+Extension.h */,
				22CF1A7C1CB4B8D000EFAC7A /* UIBarButtonItem+Extension.m */,
				22CF1A7D1CB4B8D000EFAC7A /* UIImage+Extension.h */,
				22CF1A7E1CB4B8D000EFAC7A /* UIImage+Extension.m */,
				22CF1A7F1CB4B8D000EFAC7A /* UIView+Extension.h */,
				22CF1A801CB4B8D000EFAC7A /* UIView+Extension.m */,
				22B3C9DF1CB4A41000EA00FA /* HMImageTool.h */,
				22B3C9E01CB4A41000EA00FA /* HMImageTool.m */,
				22CF1A841CB4BD4800EFAC7A /* HMGlobal.h */,
				22CF1A851CB4BD4800EFAC7A /* HMGlobal.m */,
			);
			path = Category;
			sourceTree = "<group>";
		};
		22B3C9E11CB4A41000EA00FA /* Controller */ = {
			isa = PBXGroup;
			children = (
				22B3C9E21CB4A41000EA00FA /* HMTabBarViewController.h */,
				22B3C9E31CB4A41000EA00FA /* HMTabBarViewController.m */,
				22CF1A781CB4AB1900EFAC7A /* HMNavigationController.h */,
				22CF1A791CB4AB1900EFAC7A /* HMNavigationController.m */,
			);
			path = Controller;
			sourceTree = "<group>";
		};
		22B3C9E41CB4A41000EA00FA /* Model */ = {
			isa = PBXGroup;
			children = (
				22D7B2881CB6A46000C5A79D /* HMAccount.h */,
				22D7B2891CB6A46000C5A79D /* HMAccount.m */,
			);
			path = Model;
			sourceTree = "<group>";
		};
		22B3C9E51CB4A41000EA00FA /* Other */ = {
			isa = PBXGroup;
			children = (
				22B3C9E61CB4A41000EA00FA /* AppDelegate.h */,
				22B3C9E71CB4A41000EA00FA /* AppDelegate.m */,
				22B3C9E81CB4A41000EA00FA /* main.m */,
			);
			path = Other;
			sourceTree = "<group>";
		};
		22B3C9E91CB4A41000EA00FA /* View */ = {
			isa = PBXGroup;
			children = (
				22CF1A8D1CB5374600EFAC7A /* HMTabBar.h */,
				22CF1A8E1CB5374600EFAC7A /* HMTabBar.m */,
			);
			path = View;
			sourceTree = "<group>";
		};
		22B3C9EA1CB4A41000EA00FA /* Message（消息） */ = {
			isa = PBXGroup;
			children = (
				22B3C9EB1CB4A41000EA00FA /* Controller */,
				22B3C9EE1CB4A41000EA00FA /* Model */,
				22B3C9EF1CB4A41000EA00FA /* View */,
			);
			path = "Message（消息）";
			sourceTree = "<group>";
		};
		22B3C9EB1CB4A41000EA00FA /* Controller */ = {
			isa = PBXGroup;
			children = (
				22B3C9EC1CB4A41000EA00FA /* HMMessageViewController.h */,
				22B3C9ED1CB4A41000EA00FA /* HMMessageViewController.m */,
			);
			path = Controller;
			sourceTree = "<group>";
		};
		22B3C9EE1CB4A41000EA00FA /* Model */ = {
			isa = PBXGroup;
			children = (
			);
			path = Model;
			sourceTree = "<group>";
		};
		22B3C9EF1CB4A41000EA00FA /* View */ = {
			isa = PBXGroup;
			children = (
			);
			path = View;
			sourceTree = "<group>";
		};
		22B3C9F01CB4A41000EA00FA /* Profile（我） */ = {
			isa = PBXGroup;
			children = (
				22B3C9F11CB4A41000EA00FA /* Controller */,
				22B3C9F41CB4A41000EA00FA /* Model */,
				22B3C9F51CB4A41000EA00FA /* View */,
			);
			path = "Profile（我）";
			sourceTree = "<group>";
		};
		22B3C9F11CB4A41000EA00FA /* Controller */ = {
			isa = PBXGroup;
			children = (
				22B3C9F21CB4A41000EA00FA /* HMProfileTableViewController.h */,
				22B3C9F31CB4A41000EA00FA /* HMProfileTableViewController.m */,
			);
			path = Controller;
			sourceTree = "<group>";
		};
		22B3C9F41CB4A41000EA00FA /* Model */ = {
			isa = PBXGroup;
			children = (
			);
			path = Model;
			sourceTree = "<group>";
		};
		22B3C9F51CB4A41000EA00FA /* View */ = {
			isa = PBXGroup;
			children = (
			);
			path = View;
			sourceTree = "<group>";
		};
		22CF1A901CB5F1E200EFAC7A /* Compose（发消息） */ = {
			isa = PBXGroup;
			children = (
				22CF1A911CB5F1E200EFAC7A /* Controller */,
				22CF1A921CB5F1E200EFAC7A /* Model */,
				22CF1A931CB5F1E200EFAC7A /* View */,
			);
			path = "Compose（发消息）";
			sourceTree = "<group>";
		};
		22CF1A911CB5F1E200EFAC7A /* Controller */ = {
			isa = PBXGroup;
			children = (
				22CF1A941CB5F27300EFAC7A /* HMComposeViewController.h */,
				22CF1A951CB5F27300EFAC7A /* HMComposeViewController.m */,
			);
			path = Controller;
			sourceTree = "<group>";
		};
		22CF1A921CB5F1E200EFAC7A /* Model */ = {
			isa = PBXGroup;
			children = (
			);
			path = Model;
			sourceTree = "<group>";
		};
		22CF1A931CB5F1E200EFAC7A /* View */ = {
			isa = PBXGroup;
			children = (
				22D7B34A1CB8D7E000C5A79D /* HMTextView.h */,
				22D7B34B1CB8D7E000C5A79D /* HMTextView.m */,
				22D7B34D1CB8FB8200C5A79D /* HMComposeToolBar.h */,
				22D7B34E1CB8FB8200C5A79D /* HMComposeToolBar.m */,
				22D7B3501CB93BF000C5A79D /* HMComposePhotosView.h */,
				22D7B3511CB93BF000C5A79D /* HMComposePhotosView.m */,
			);
			path = View;
			sourceTree = "<group>";
		};
		22CF1A971CB6002500EFAC7A /* Newfeature(新特性) */ = {
			isa = PBXGroup;
			children = (
				22CF1A981CB6002500EFAC7A /* Controller */,
				22CF1A991CB6002500EFAC7A /* Model */,
				22CF1A9A1CB6002500EFAC7A /* View */,
			);
			path = "Newfeature(新特性)";
			sourceTree = "<group>";
		};
		22CF1A981CB6002500EFAC7A /* Controller */ = {
			isa = PBXGroup;
			children = (
				22CF1A9B1CB6005600EFAC7A /* HMNewfeatureViewController.h */,
				22CF1A9C1CB6005600EFAC7A /* HMNewfeatureViewController.m */,
			);
			path = Controller;
			sourceTree = "<group>";
		};
		22CF1A991CB6002500EFAC7A /* Model */ = {
			isa = PBXGroup;
			children = (
			);
			path = Model;
			sourceTree = "<group>";
		};
		22CF1A9A1CB6002500EFAC7A /* View */ = {
			isa = PBXGroup;
			children = (
			);
			path = View;
			sourceTree = "<group>";
		};
		22D7B25A1CB67FEC00C5A79D /* Lib */ = {
			isa = PBXGroup;
			children = (
				22D7B31D1CB7A50F00C5A79D /* MJExtension */,
				22D7B2911CB7601D00C5A79D /* SDWebImage */,
				22D7B25B1CB67FEC00C5A79D /* AFNetworking */,
				22D7B26F1CB67FEC00C5A79D /* MBProgressHUD */,
			);
			path = Lib;
			sourceTree = "<group>";
		};
		22D7B25B1CB67FEC00C5A79D /* AFNetworking */ = {
			isa = PBXGroup;
			children = (
				22D7B25C1CB67FEC00C5A79D /* AFHTTPRequestOperation.h */,
				22D7B25D1CB67FEC00C5A79D /* AFHTTPRequestOperation.m */,
				22D7B25E1CB67FEC00C5A79D /* AFHTTPRequestOperationManager.h */,
				22D7B25F1CB67FEC00C5A79D /* AFHTTPRequestOperationManager.m */,
				22D7B2601CB67FEC00C5A79D /* AFHTTPSessionManager.h */,
				22D7B2611CB67FEC00C5A79D /* AFHTTPSessionManager.m */,
				22D7B2621CB67FEC00C5A79D /* AFNetworking.h */,
				22D7B2631CB67FEC00C5A79D /* AFNetworkReachabilityManager.h */,
				22D7B2641CB67FEC00C5A79D /* AFNetworkReachabilityManager.m */,
				22D7B2651CB67FEC00C5A79D /* AFSecurityPolicy.h */,
				22D7B2661CB67FEC00C5A79D /* AFSecurityPolicy.m */,
				22D7B2671CB67FEC00C5A79D /* AFURLConnectionOperation.h */,
				22D7B2681CB67FEC00C5A79D /* AFURLConnectionOperation.m */,
				22D7B2691CB67FEC00C5A79D /* AFURLRequestSerialization.h */,
				22D7B26A1CB67FEC00C5A79D /* AFURLRequestSerialization.m */,
				22D7B26B1CB67FEC00C5A79D /* AFURLResponseSerialization.h */,
				22D7B26C1CB67FEC00C5A79D /* AFURLResponseSerialization.m */,
				22D7B26D1CB67FEC00C5A79D /* AFURLSessionManager.h */,
				22D7B26E1CB67FEC00C5A79D /* AFURLSessionManager.m */,
			);
			path = AFNetworking;
			sourceTree = "<group>";
		};
		22D7B26F1CB67FEC00C5A79D /* MBProgressHUD */ = {
			isa = PBXGroup;
			children = (
				22D7B2701CB67FEC00C5A79D /* MBProgressHUD+MJ.h */,
				22D7B2711CB67FEC00C5A79D /* MBProgressHUD+MJ.m */,
				22D7B2721CB67FEC00C5A79D /* MBProgressHUD.bundle */,
				22D7B2731CB67FEC00C5A79D /* MBProgressHUD.h */,
				22D7B2741CB67FEC00C5A79D /* MBProgressHUD.m */,
			);
			path = MBProgressHUD;
			sourceTree = "<group>";
		};
		22D7B2811CB6803D00C5A79D /* OAuth(授权) */ = {
			isa = PBXGroup;
			children = (
				22D7B2821CB6803D00C5A79D /* Controller */,
				22D7B2851CB6803D00C5A79D /* Model */,
				22D7B2861CB6803D00C5A79D /* View */,
			);
			path = "OAuth(授权)";
			sourceTree = "<group>";
		};
		22D7B2821CB6803D00C5A79D /* Controller */ = {
			isa = PBXGroup;
			children = (
				22D7B2831CB6803D00C5A79D /* HMOAuthViewController.h */,
				22D7B2841CB6803D00C5A79D /* HMOAuthViewController.m */,
			);
			path = Controller;
			sourceTree = "<group>";
		};
		22D7B2851CB6803D00C5A79D /* Model */ = {
			isa = PBXGroup;
			children = (
			);
			path = Model;
			sourceTree = "<group>";
		};
		22D7B2861CB6803D00C5A79D /* View */ = {
			isa = PBXGroup;
			children = (
			);
			path = View;
			sourceTree = "<group>";
		};
		22D7B28B1CB7296700C5A79D /* Tool */ = {
			isa = PBXGroup;
			children = (
				22D7B28C1CB7298100C5A79D /* HMAccountTool.h */,
				22D7B28D1CB7298100C5A79D /* HMAccountTool.m */,
				22D7B3561CB9E23E00C5A79D /* HMHttpTool.h */,
				22D7B3571CB9E23E00C5A79D /* HMHttpTool.m */,
			);
			path = Tool;
			sourceTree = "<group>";
		};
		22D7B2911CB7601D00C5A79D /* SDWebImage */ = {
			isa = PBXGroup;
			children = (
				22D7B2921CB7601D00C5A79D /* MKAnnotationView+WebCache.h */,
				22D7B2931CB7601D00C5A79D /* MKAnnotationView+WebCache.m */,
				22D7B2941CB7601D00C5A79D /* NSData+ImageContentType.h */,
				22D7B2951CB7601D00C5A79D /* NSData+ImageContentType.m */,
				22D7B2961CB7601D00C5A79D /* SDImageCache.h */,
				22D7B2971CB7601D00C5A79D /* SDImageCache.m */,
				22D7B2981CB7601D00C5A79D /* SDWebImageCompat.h */,
				22D7B2991CB7601D00C5A79D /* SDWebImageCompat.m */,
				22D7B29A1CB7601D00C5A79D /* SDWebImageDecoder.h */,
				22D7B29B1CB7601D00C5A79D /* SDWebImageDecoder.m */,
				22D7B29C1CB7601D00C5A79D /* SDWebImageDownloader.h */,
				22D7B29D1CB7601D00C5A79D /* SDWebImageDownloader.m */,
				22D7B29E1CB7601D00C5A79D /* SDWebImageDownloaderOperation.h */,
				22D7B29F1CB7601D00C5A79D /* SDWebImageDownloaderOperation.m */,
				22D7B2A01CB7601D00C5A79D /* SDWebImageManager.h */,
				22D7B2A11CB7601D00C5A79D /* SDWebImageManager.m */,
				22D7B2A21CB7601D00C5A79D /* SDWebImageOperation.h */,
				22D7B2A31CB7601D00C5A79D /* SDWebImagePrefetcher.h */,
				22D7B2A41CB7601D00C5A79D /* SDWebImagePrefetcher.m */,
				22D7B2A51CB7601D00C5A79D /* UIButton+WebCache.h */,
				22D7B2A61CB7601D00C5A79D /* UIButton+WebCache.m */,
				22D7B2A71CB7601D00C5A79D /* UIImage+GIF.h */,
				22D7B2A81CB7601D00C5A79D /* UIImage+GIF.m */,
				22D7B2A91CB7601D00C5A79D /* UIImage+MultiFormat.h */,
				22D7B2AA1CB7601D00C5A79D /* UIImage+MultiFormat.m */,
				22D7B2AB1CB7601D00C5A79D /* UIImage+WebP.h */,
				22D7B2AC1CB7601D00C5A79D /* UIImage+WebP.m */,
				22D7B2AD1CB7601D00C5A79D /* UIImageView+HighlightedWebCache.h */,
				22D7B2AE1CB7601D00C5A79D /* UIImageView+HighlightedWebCache.m */,
				22D7B2AF1CB7601D00C5A79D /* UIImageView+WebCache.h */,
				22D7B2B01CB7601D00C5A79D /* UIImageView+WebCache.m */,
			);
			path = SDWebImage;
			sourceTree = "<group>";
		};
		22D7B31D1CB7A50F00C5A79D /* MJExtension */ = {
			isa = PBXGroup;
			children = (
				22D7B31E1CB7A50F00C5A79D /* MJExtension.h */,
				22D7B31F1CB7A50F00C5A79D /* MJExtensionConst.h */,
				22D7B3201CB7A50F00C5A79D /* MJExtensionConst.m */,
				22D7B3211CB7A50F00C5A79D /* MJFoundation.h */,
				22D7B3221CB7A50F00C5A79D /* MJFoundation.m */,
				22D7B3231CB7A50F00C5A79D /* MJProperty.h */,
				22D7B3241CB7A50F00C5A79D /* MJProperty.m */,
				22D7B3251CB7A50F00C5A79D /* MJPropertyKey.h */,
				22D7B3261CB7A50F00C5A79D /* MJPropertyKey.m */,
				22D7B3271CB7A50F00C5A79D /* MJPropertyType.h */,
				22D7B3281CB7A50F00C5A79D /* MJPropertyType.m */,
				22D7B3291CB7A50F00C5A79D /* NSObject+MJClass.h */,
				22D7B32A1CB7A50F00C5A79D /* NSObject+MJClass.m */,
				22D7B32B1CB7A50F00C5A79D /* NSObject+MJCoding.h */,
				22D7B32C1CB7A50F00C5A79D /* NSObject+MJCoding.m */,
				22D7B32D1CB7A50F00C5A79D /* NSObject+MJKeyValue.h */,
				22D7B32E1CB7A50F00C5A79D /* NSObject+MJKeyValue.m */,
				22D7B32F1CB7A50F00C5A79D /* NSObject+MJProperty.h */,
				22D7B3301CB7A50F00C5A79D /* NSObject+MJProperty.m */,
				22D7B3311CB7A50F00C5A79D /* NSString+MJExtension.h */,
				22D7B3321CB7A50F00C5A79D /* NSString+MJExtension.m */,
			);
			path = MJExtension;
			sourceTree = "<group>";
		};
/* End PBXGroup section */

/* Begin PBXNativeTarget section */
		22B3C9A01CB3D46000EA00FA /* 猫头鹰助理 */ = {
			isa = PBXNativeTarget;
			buildConfigurationList = 22B3C9B81CB3D46000EA00FA /* Build configuration list for PBXNativeTarget "猫头鹰助理" */;
			buildPhases = (
				22B3C99D1CB3D46000EA00FA /* Sources */,
				22B3C99E1CB3D46000EA00FA /* Frameworks */,
				22B3C99F1CB3D46000EA00FA /* Resources */,
			);
			buildRules = (
			);
			dependencies = (
			);
			name = "猫头鹰助理";
			productName = OD01;
			productReference = 22B3C9A11CB3D46000EA00FA /* 猫头鹰助理.app */;
			productType = "com.apple.product-type.application";
		};
/* End PBXNativeTarget section */

/* Begin PBXProject section */
		22B3C9991CB3D46000EA00FA /* Project object */ = {
			isa = PBXProject;
			attributes = {
				CLASSPREFIX = HM;
				LastUpgradeCheck = 0730;
				ORGANIZATIONNAME = sam;
				TargetAttributes = {
					22B3C9A01CB3D46000EA00FA = {
						CreatedOnToolsVersion = 7.3;
						DevelopmentTeam = CJ4JBPGH72;
					};
				};
			};
			buildConfigurationList = 22B3C99C1CB3D46000EA00FA /* Build configuration list for PBXProject "猫头鹰助理" */;
			compatibilityVersion = "Xcode 3.2";
			developmentRegion = English;
			hasScannedForEncodings = 0;
			knownRegions = (
				en,
				Base,
			);
			mainGroup = 22B3C9981CB3D46000EA00FA;
			productRefGroup = 22B3C9A21CB3D46000EA00FA /* Products */;
			projectDirPath = "";
			projectRoot = "";
			targets = (
				22B3C9A01CB3D46000EA00FA /* 猫头鹰助理 */,
			);
		};
/* End PBXProject section */

/* Begin PBXResourcesBuildPhase section */
		22B3C99F1CB3D46000EA00FA /* Resources */ = {
			isa = PBXResourcesBuildPhase;
			buildActionMask = 2147483647;
			files = (
				22D7B3461CB89F3900C5A79D /* HMLoadMoreFooter.xib in Resources */,
				22D7B2C11CB7614200C5A79D /* Assets.xcassets in Resources */,
				22D7B27F1CB67FEC00C5A79D /* MBProgressHUD.bundle in Resources */,
			);
			runOnlyForDeploymentPostprocessing = 0;
		};
/* End PBXResourcesBuildPhase section */

/* Begin PBXSourcesBuildPhase section */
		22B3C99D1CB3D46000EA00FA /* Sources */ = {
			isa = PBXSourcesBuildPhase;
			buildActionMask = 2147483647;
			files = (
				22D7B2C71CB78AB100C5A79D /* HMStatus.m in Sources */,
				22B3C9F81CB4A41000EA00FA /* HMImageTool.m in Sources */,
				22D7B3341CB7A50F00C5A79D /* MJFoundation.m in Sources */,
				22D7B28A1CB6A46000C5A79D /* HMAccount.m in Sources */,
				22D7B2B81CB7601D00C5A79D /* SDWebImageManager.m in Sources */,
				22D7B2791CB67FEC00C5A79D /* AFSecurityPolicy.m in Sources */,
				22D7B33B1CB7A50F00C5A79D /* NSObject+MJProperty.m in Sources */,
				22D7B2761CB67FEC00C5A79D /* AFHTTPRequestOperationManager.m in Sources */,
				22D7B2901CB7598F00C5A79D /* Foundation+Log.m in Sources */,
				22D7B2BC1CB7601D00C5A79D /* UIImage+MultiFormat.m in Sources */,
				22D7B34F1CB8FB8200C5A79D /* HMComposeToolBar.m in Sources */,
				22D7B27E1CB67FEC00C5A79D /* MBProgressHUD+MJ.m in Sources */,
				22D7B2B61CB7601D00C5A79D /* SDWebImageDownloader.m in Sources */,
				22D7B3361CB7A50F00C5A79D /* MJPropertyKey.m in Sources */,
				22D7B3551CB9D51D00C5A79D /* HMTitleButton.m in Sources */,
				22D7B2751CB67FEC00C5A79D /* AFHTTPRequestOperation.m in Sources */,
				22D7B2BD1CB7601D00C5A79D /* UIImage+WebP.m in Sources */,
				22B3C9F71CB4A41000EA00FA /* HMHomeViewController.m in Sources */,
				22B3C9F61CB4A41000EA00FA /* HMDiscoverViewController.m in Sources */,
				22D7B2801CB67FEC00C5A79D /* MBProgressHUD.m in Sources */,
				22D7B28E1CB7298100C5A79D /* HMAccountTool.m in Sources */,
				22D7B2BE1CB7601D00C5A79D /* UIImageView+HighlightedWebCache.m in Sources */,
				22D7B2B51CB7601D00C5A79D /* SDWebImageDecoder.m in Sources */,
				22D7B2B91CB7601D00C5A79D /* SDWebImagePrefetcher.m in Sources */,
				22D7B34C1CB8D7E000C5A79D /* HMTextView.m in Sources */,
				22D7B3391CB7A50F00C5A79D /* NSObject+MJCoding.m in Sources */,
				22B3C9F91CB4A41000EA00FA /* HMTabBarViewController.m in Sources */,
				22CF1A961CB5F27300EFAC7A /* HMComposeViewController.m in Sources */,
				22CF1A891CB51D6E00EFAC7A /* HMSearchBar.m in Sources */,
				22CF1A8F1CB5374600EFAC7A /* HMTabBar.m in Sources */,
				22CF1A811CB4B8D000EFAC7A /* UIBarButtonItem+Extension.m in Sources */,
				22B3C9FC1CB4A41000EA00FA /* HMMessageViewController.m in Sources */,
				22D7B2BB1CB7601D00C5A79D /* UIImage+GIF.m in Sources */,
				22D7B2C41CB7889000C5A79D /* HMUser.m in Sources */,
				22D7B2BF1CB7601D00C5A79D /* UIImageView+WebCache.m in Sources */,
				22D7B2771CB67FEC00C5A79D /* AFHTTPSessionManager.m in Sources */,
				22D7B2B31CB7601D00C5A79D /* SDImageCache.m in Sources */,
				22D7B3381CB7A50F00C5A79D /* NSObject+MJClass.m in Sources */,
				22D7B3371CB7A50F00C5A79D /* MJPropertyType.m in Sources */,
				22CF1A831CB4B8D000EFAC7A /* UIView+Extension.m in Sources */,
				22B3C9FB1CB4A41000EA00FA /* main.m in Sources */,
				22D7B27A1CB67FEC00C5A79D /* AFURLConnectionOperation.m in Sources */,
				22D7B27B1CB67FEC00C5A79D /* AFURLRequestSerialization.m in Sources */,
				22D7B2B71CB7601D00C5A79D /* SDWebImageDownloaderOperation.m in Sources */,
				22D7B27D1CB67FEC00C5A79D /* AFURLSessionManager.m in Sources */,
				22D7B2871CB6803D00C5A79D /* HMOAuthViewController.m in Sources */,
				22D7B2B41CB7601D00C5A79D /* SDWebImageCompat.m in Sources */,
				22D7B2CA1CB78CBF00C5A79D /* HMPhoto.m in Sources */,
				22D7B3331CB7A50F00C5A79D /* MJExtensionConst.m in Sources */,
				22D7B33A1CB7A50F00C5A79D /* NSObject+MJKeyValue.m in Sources */,
				22D7B2B21CB7601D00C5A79D /* NSData+ImageContentType.m in Sources */,
				22D7B27C1CB67FEC00C5A79D /* AFURLResponseSerialization.m in Sources */,
				22D7B3581CB9E23E00C5A79D /* HMHttpTool.m in Sources */,
				22D7B3491CB8A44100C5A79D /* HMLoadMoreFooter.m in Sources */,
				22D7B33C1CB7A50F00C5A79D /* NSString+MJExtension.m in Sources */,
				22B3C9FD1CB4A41000EA00FA /* HMProfileTableViewController.m in Sources */,
				22B3C9FA1CB4A41000EA00FA /* AppDelegate.m in Sources */,
				22D7B2BA1CB7601D00C5A79D /* UIButton+WebCache.m in Sources */,
				22CF1A821CB4B8D000EFAC7A /* UIImage+Extension.m in Sources */,
				22CF1A9D1CB6005600EFAC7A /* HMNewfeatureViewController.m in Sources */,
				22D7B3351CB7A50F00C5A79D /* MJProperty.m in Sources */,
				22CF1A861CB4BD4800EFAC7A /* HMGlobal.m in Sources */,
				22D7B2B11CB7601D00C5A79D /* MKAnnotationView+WebCache.m in Sources */,
				22D7B2781CB67FEC00C5A79D /* AFNetworkReachabilityManager.m in Sources */,
				22CF1A7A1CB4AB1900EFAC7A /* HMNavigationController.m in Sources */,
				22D7B3521CB93BF000C5A79D /* HMComposePhotosView.m in Sources */,
			);
			runOnlyForDeploymentPostprocessing = 0;
		};
/* End PBXSourcesBuildPhase section */

/* Begin XCBuildConfiguration section */
		22B3C9B61CB3D46000EA00FA /* Debug */ = {
			isa = XCBuildConfiguration;
			buildSettings = {
				ALWAYS_SEARCH_USER_PATHS = NO;
				CLANG_ANALYZER_NONNULL = YES;
				CLANG_CXX_LANGUAGE_STANDARD = "gnu++0x";
				CLANG_CXX_LIBRARY = "libc++";
				CLANG_ENABLE_MODULES = YES;
				CLANG_ENABLE_OBJC_ARC = YES;
				CLANG_WARN_BOOL_CONVERSION = YES;
				CLANG_WARN_CONSTANT_CONVERSION = YES;
				CLANG_WARN_DIRECT_OBJC_ISA_USAGE = YES_ERROR;
				CLANG_WARN_EMPTY_BODY = YES;
				CLANG_WARN_ENUM_CONVERSION = YES;
				CLANG_WARN_INT_CONVERSION = YES;
				CLANG_WARN_OBJC_ROOT_CLASS = YES_ERROR;
				CLANG_WARN_UNREACHABLE_CODE = YES;
				CLANG_WARN__DUPLICATE_METHOD_MATCH = YES;
				"CODE_SIGN_IDENTITY[sdk=iphoneos*]" = "iPhone Developer";
				COPY_PHASE_STRIP = NO;
				DEBUG_INFORMATION_FORMAT = dwarf;
				ENABLE_STRICT_OBJC_MSGSEND = YES;
				ENABLE_TESTABILITY = YES;
				GCC_C_LANGUAGE_STANDARD = gnu99;
				GCC_DYNAMIC_NO_PIC = NO;
				GCC_NO_COMMON_BLOCKS = YES;
				GCC_OPTIMIZATION_LEVEL = 0;
				GCC_PREPROCESSOR_DEFINITIONS = (
					"DEBUG=1",
					"$(inherited)",
				);
				GCC_WARN_64_TO_32_BIT_CONVERSION = YES;
				GCC_WARN_ABOUT_RETURN_TYPE = YES_ERROR;
				GCC_WARN_UNDECLARED_SELECTOR = YES;
				GCC_WARN_UNINITIALIZED_AUTOS = YES_AGGRESSIVE;
				GCC_WARN_UNUSED_FUNCTION = YES;
				GCC_WARN_UNUSED_VARIABLE = YES;
				IPHONEOS_DEPLOYMENT_TARGET = 9.3;
				MTL_ENABLE_DEBUG_INFO = YES;
				ONLY_ACTIVE_ARCH = YES;
				SDKROOT = iphoneos;
			};
			name = Debug;
		};
		22B3C9B71CB3D46000EA00FA /* Release */ = {
			isa = XCBuildConfiguration;
			buildSettings = {
				ALWAYS_SEARCH_USER_PATHS = NO;
				CLANG_ANALYZER_NONNULL = YES;
				CLANG_CXX_LANGUAGE_STANDARD = "gnu++0x";
				CLANG_CXX_LIBRARY = "libc++";
				CLANG_ENABLE_MODULES = YES;
				CLANG_ENABLE_OBJC_ARC = YES;
				CLANG_WARN_BOOL_CONVERSION = YES;
				CLANG_WARN_CONSTANT_CONVERSION = YES;
				CLANG_WARN_DIRECT_OBJC_ISA_USAGE = YES_ERROR;
				CLANG_WARN_EMPTY_BODY = YES;
				CLANG_WARN_ENUM_CONVERSION = YES;
				CLANG_WARN_INT_CONVERSION = YES;
				CLANG_WARN_OBJC_ROOT_CLASS = YES_ERROR;
				CLANG_WARN_UNREACHABLE_CODE = YES;
				CLANG_WARN__DUPLICATE_METHOD_MATCH = YES;
				"CODE_SIGN_IDENTITY[sdk=iphoneos*]" = "iPhone Developer";
				COPY_PHASE_STRIP = NO;
				DEBUG_INFORMATION_FORMAT = "dwarf-with-dsym";
				ENABLE_NS_ASSERTIONS = NO;
				ENABLE_STRICT_OBJC_MSGSEND = YES;
				GCC_C_LANGUAGE_STANDARD = gnu99;
				GCC_NO_COMMON_BLOCKS = YES;
				GCC_WARN_64_TO_32_BIT_CONVERSION = YES;
				GCC_WARN_ABOUT_RETURN_TYPE = YES_ERROR;
				GCC_WARN_UNDECLARED_SELECTOR = YES;
				GCC_WARN_UNINITIALIZED_AUTOS = YES_AGGRESSIVE;
				GCC_WARN_UNUSED_FUNCTION = YES;
				GCC_WARN_UNUSED_VARIABLE = YES;
				IPHONEOS_DEPLOYMENT_TARGET = 9.3;
				MTL_ENABLE_DEBUG_INFO = NO;
				SDKROOT = iphoneos;
				VALIDATE_PRODUCT = YES;
			};
			name = Release;
		};
		22B3C9B91CB3D46000EA00FA /* Debug */ = {
			isa = XCBuildConfiguration;
			buildSettings = {
				ASSETCATALOG_COMPILER_APPICON_NAME = AppIcon;
				ASSETCATALOG_COMPILER_LAUNCHIMAGE_NAME = "Brand Assets";
				INFOPLIST_FILE = OD01/Info.plist;
				IPHONEOS_DEPLOYMENT_TARGET = 8.0;
				LD_RUNPATH_SEARCH_PATHS = "$(inherited) @executable_path/Frameworks";
				PRODUCT_BUNDLE_IDENTIFIER = com.aikan.OD01;
				PRODUCT_NAME = "猫头鹰助理";
			};
			name = Debug;
		};
		22B3C9BA1CB3D46000EA00FA /* Release */ = {
			isa = XCBuildConfiguration;
			buildSettings = {
				ASSETCATALOG_COMPILER_APPICON_NAME = AppIcon;
				ASSETCATALOG_COMPILER_LAUNCHIMAGE_NAME = "Brand Assets";
				INFOPLIST_FILE = OD01/Info.plist;
				IPHONEOS_DEPLOYMENT_TARGET = 8.0;
				LD_RUNPATH_SEARCH_PATHS = "$(inherited) @executable_path/Frameworks";
				PRODUCT_BUNDLE_IDENTIFIER = com.aikan.OD01;
				PRODUCT_NAME = "猫头鹰助理";
			};
			name = Release;
		};
/* End XCBuildConfiguration section */

/* Begin XCConfigurationList section */
		22B3C99C1CB3D46000EA00FA /* Build configuration list for PBXProject "猫头鹰助理" */ = {
			isa = XCConfigurationList;
			buildConfigurations = (
				22B3C9B61CB3D46000EA00FA /* Debug */,
				22B3C9B71CB3D46000EA00FA /* Release */,
			);
			defaultConfigurationIsVisible = 0;
			defaultConfigurationName = Release;
		};
		22B3C9B81CB3D46000EA00FA /* Build configuration list for PBXNativeTarget "猫头鹰助理" */ = {
			isa = XCConfigurationList;
			buildConfigurations = (
				22B3C9B91CB3D46000EA00FA /* Debug */,
				22B3C9BA1CB3D46000EA00FA /* Release */,
			);
			defaultConfigurationIsVisible = 0;
			defaultConfigurationName = Release;
		};
/* End XCConfigurationList section */
	};
	rootObject = 22B3C9991CB3D46000EA00FA /* Project object */;
}
